// !$*UTF8*$!
{
	archiveVersion = 1;
	classes = {
	};
	objectVersion = 52;
	objects = {

/* Begin PBXBuildFile section */
		5149A02423FB533E006FD0A6 /* AppDelegate.swift in Sources */ = {isa = PBXBuildFile; fileRef = 5149A02323FB533E006FD0A6 /* AppDelegate.swift */; };
		5149A02623FB533E006FD0A6 /* SceneDelegate.swift in Sources */ = {isa = PBXBuildFile; fileRef = 5149A02523FB533E006FD0A6 /* SceneDelegate.swift */; };
		5149A02823FB533E006FD0A6 /* ContentView.swift in Sources */ = {isa = PBXBuildFile; fileRef = 5149A02723FB533E006FD0A6 /* ContentView.swift */; };
		5149A02A23FB5340006FD0A6 /* Assets.xcassets in Resources */ = {isa = PBXBuildFile; fileRef = 5149A02923FB5340006FD0A6 /* Assets.xcassets */; };
		5149A02D23FB5340006FD0A6 /* Preview Assets.xcassets in Resources */ = {isa = PBXBuildFile; fileRef = 5149A02C23FB5340006FD0A6 /* Preview Assets.xcassets */; };
		5149A03023FB5340006FD0A6 /* LaunchScreen.storyboard in Resources */ = {isa = PBXBuildFile; fileRef = 5149A02E23FB5340006FD0A6 /* LaunchScreen.storyboard */; };
		5149A03823FB535C006FD0A6 /* ProspectsView.swift in Sources */ = {isa = PBXBuildFile; fileRef = 5149A03723FB535C006FD0A6 /* ProspectsView.swift */; };
		5149A03A23FB5362006FD0A6 /* MeView.swift in Sources */ = {isa = PBXBuildFile; fileRef = 5149A03923FB5362006FD0A6 /* MeView.swift */; };
		5149A03C23FB53C4006FD0A6 /* Prospect.swift in Sources */ = {isa = PBXBuildFile; fileRef = 5149A03B23FB53C4006FD0A6 /* Prospect.swift */; };
		5149A03F23FB54D9006FD0A6 /* CodeScanner in Frameworks */ = {isa = PBXBuildFile; productRef = 5149A03E23FB54D9006FD0A6 /* CodeScanner */; };
/* End PBXBuildFile section */

/* Begin PBXFileReference section */
		5149A02023FB533E006FD0A6 /* Project16.app */ = {isa = PBXFileReference; explicitFileType = wrapper.application; includeInIndex = 0; path = Project16.app; sourceTree = BUILT_PRODUCTS_DIR; };
		5149A02323FB533E006FD0A6 /* AppDelegate.swift */ = {isa = PBXFileReference; lastKnownFileType = sourcecode.swift; path = AppDelegate.swift; sourceTree = "<group>"; };
		5149A02523FB533E006FD0A6 /* SceneDelegate.swift */ = {isa = PBXFileReference; lastKnownFileType = sourcecode.swift; path = SceneDelegate.swift; sourceTree = "<group>"; };
		5149A02723FB533E006FD0A6 /* ContentView.swift */ = {isa = PBXFileReference; lastKnownFileType = sourcecode.swift; path = ContentView.swift; sourceTree = "<group>"; };
		5149A02923FB5340006FD0A6 /* Assets.xcassets */ = {isa = PBXFileReference; lastKnownFileType = folder.assetcatalog; path = Assets.xcassets; sourceTree = "<group>"; };
		5149A02C23FB5340006FD0A6 /* Preview Assets.xcassets */ = {isa = PBXFileReference; lastKnownFileType = folder.assetcatalog; path = "Preview Assets.xcassets"; sourceTree = "<group>"; };
		5149A02F23FB5340006FD0A6 /* Base */ = {isa = PBXFileReference; lastKnownFileType = file.storyboard; name = Base; path = Base.lproj/LaunchScreen.storyboard; sourceTree = "<group>"; };
		5149A03123FB5340006FD0A6 /* Info.plist */ = {isa = PBXFileReference; lastKnownFileType = text.plist.xml; path = Info.plist; sourceTree = "<group>"; };
		5149A03723FB535C006FD0A6 /* ProspectsView.swift */ = {isa = PBXFileReference; lastKnownFileType = sourcecode.swift; path = ProspectsView.swift; sourceTree = "<group>"; };
		5149A03923FB5362006FD0A6 /* MeView.swift */ = {isa = PBXFileReference; lastKnownFileType = sourcecode.swift; path = MeView.swift; sourceTree = "<group>"; };
		5149A03B23FB53C4006FD0A6 /* Prospect.swift */ = {isa = PBXFileReference; lastKnownFileType = sourcecode.swift; path = Prospect.swift; sourceTree = "<group>"; };
/* End PBXFileReference section */

/* Begin PBXFrameworksBuildPhase section */
		5149A01D23FB533E006FD0A6 /* Frameworks */ = {
			isa = PBXFrameworksBuildPhase;
			buildActionMask = 2147483647;
			files = (
				5149A03F23FB54D9006FD0A6 /* CodeScanner in Frameworks */,
			);
			runOnlyForDeploymentPostprocessing = 0;
		};
/* End PBXFrameworksBuildPhase section */

/* Begin PBXGroup section */
		5149A01723FB533E006FD0A6 = {
			isa = PBXGroup;
			children = (
				5149A02223FB533E006FD0A6 /* Project16 */,
				5149A02123FB533E006FD0A6 /* Products */,
			);
			sourceTree = "<group>";
		};
		5149A02123FB533E006FD0A6 /* Products */ = {
			isa = PBXGroup;
			children = (
				5149A02023FB533E006FD0A6 /* Project16.app */,
			);
			name = Products;
			sourceTree = "<group>";
		};
		5149A02223FB533E006FD0A6 /* Project16 */ = {
			isa = PBXGroup;
			children = (
				5149A03723FB535C006FD0A6 /* ProspectsView.swift */,
				5149A03B23FB53C4006FD0A6 /* Prospect.swift */,
				5149A03923FB5362006FD0A6 /* MeView.swift */,
				5149A02323FB533E006FD0A6 /* AppDelegate.swift */,
				5149A02523FB533E006FD0A6 /* SceneDelegate.swift */,
				5149A02723FB533E006FD0A6 /* ContentView.swift */,
				5149A02923FB5340006FD0A6 /* Assets.xcassets */,
				5149A02E23FB5340006FD0A6 /* LaunchScreen.storyboard */,
				5149A03123FB5340006FD0A6 /* Info.plist */,
				5149A02B23FB5340006FD0A6 /* Preview Content */,
			);
			path = Project16;
			sourceTree = "<group>";
		};
		5149A02B23FB5340006FD0A6 /* Preview Content */ = {
			isa = PBXGroup;
			children = (
				5149A02C23FB5340006FD0A6 /* Preview Assets.xcassets */,
			);
			path = "Preview Content";
			sourceTree = "<group>";
		};
/* End PBXGroup section */

/* Begin PBXNativeTarget section */
		5149A01F23FB533E006FD0A6 /* Project16 */ = {
			isa = PBXNativeTarget;
			buildConfigurationList = 5149A03423FB5340006FD0A6 /* Build configuration list for PBXNativeTarget "Project16" */;
			buildPhases = (
				5149A01C23FB533E006FD0A6 /* Sources */,
				5149A01D23FB533E006FD0A6 /* Frameworks */,
				5149A01E23FB533E006FD0A6 /* Resources */,
			);
			buildRules = (
			);
			dependencies = (
			);
			name = Project16;
			packageProductDependencies = (
				5149A03E23FB54D9006FD0A6 /* CodeScanner */,
			);
			productName = Project16;
			productReference = 5149A02023FB533E006FD0A6 /* Project16.app */;
			productType = "com.apple.product-type.application";
		};
/* End PBXNativeTarget section */

/* Begin PBXProject section */
		5149A01823FB533E006FD0A6 /* Project object */ = {
			isa = PBXProject;
			attributes = {
				LastSwiftUpdateCheck = 1130;
				LastUpgradeCheck = 1130;
				ORGANIZATIONNAME = "Paul Hudson";
				TargetAttributes = {
					5149A01F23FB533E006FD0A6 = {
						CreatedOnToolsVersion = 11.3.1;
					};
				};
			};
			buildConfigurationList = 5149A01B23FB533E006FD0A6 /* Build configuration list for PBXProject "Project16" */;
			compatibilityVersion = "Xcode 9.3";
			developmentRegion = en;
			hasScannedForEncodings = 0;
			knownRegions = (
				en,
				Base,
			);
			mainGroup = 5149A01723FB533E006FD0A6;
			packageReferences = (
				5149A03D23FB54D9006FD0A6 /* XCRemoteSwiftPackageReference "CodeScanner" */,
			);
			productRefGroup = 5149A02123FB533E006FD0A6 /* Products */;
			projectDirPath = "";
			projectRoot = "";
			targets = (
				5149A01F23FB533E006FD0A6 /* Project16 */,
			);
		};
/* End PBXProject section */

/* Begin PBXResourcesBuildPhase section */
		5149A01E23FB533E006FD0A6 /* Resources */ = {
			isa = PBXResourcesBuildPhase;
			buildActionMask = 2147483647;
			files = (
				5149A03023FB5340006FD0A6 /* LaunchScreen.storyboard in Resources */,
				5149A02D23FB5340006FD0A6 /* Preview Assets.xcassets in Resources */,
				5149A02A23FB5340006FD0A6 /* Assets.xcassets in Resources */,
			);
			runOnlyForDeploymentPostprocessing = 0;
		};
/* End PBXResourcesBuildPhase section */

/* Begin PBXSourcesBuildPhase section */
		5149A01C23FB533E006FD0A6 /* Sources */ = {
			isa = PBXSourcesBuildPhase;
			buildActionMask = 2147483647;
			files = (
				5149A03823FB535C006FD0A6 /* ProspectsView.swift in Sources */,
				5149A03C23FB53C4006FD0A6 /* Prospect.swift in Sources */,
				5149A02423FB533E006FD0A6 /* AppDelegate.swift in Sources */,
				5149A02623FB533E006FD0A6 /* SceneDelegate.swift in Sources */,
				5149A02823FB533E006FD0A6 /* ContentView.swift in Sources */,
				5149A03A23FB5362006FD0A6 /* MeView.swift in Sources */,
			);
			runOnlyForDeploymentPostprocessing = 0;
		};
/* End PBXSourcesBuildPhase section */

/* Begin PBXVariantGroup section */
		5149A02E23FB5340006FD0A6 /* LaunchScreen.storyboard */ = {
			isa = PBXVariantGroup;
			children = (
				5149A02F23FB5340006FD0A6 /* Base */,
			);
			name = LaunchScreen.storyboard;
			sourceTree = "<group>";
		};
/* End PBXVariantGroup section */

/* Begin XCBuildConfiguration section */
		5149A03223FB5340006FD0A6 /* Debug */ = {
			isa = XCBuildConfiguration;
			buildSettings = {
				ALWAYS_SEARCH_USER_PATHS = NO;
				CLANG_ANALYZER_NONNULL = YES;
				CLANG_ANALYZER_NUMBER_OBJECT_CONVERSION = YES_AGGRESSIVE;
				CLANG_CXX_LANGUAGE_STANDARD = "gnu++14";
				CLANG_CXX_LIBRARY = "libc++";
				CLANG_ENABLE_MODULES = YES;
				CLANG_ENABLE_OBJC_ARC = YES;
				CLANG_ENABLE_OBJC_WEAK = YES;
				CLANG_WARN_BLOCK_CAPTURE_AUTORELEASING = YES;
				CLANG_WARN_BOOL_CONVERSION = YES;
				CLANG_WARN_COMMA = YES;
				CLANG_WARN_CONSTANT_CONVERSION = YES;
				CLANG_WARN_DEPRECATED_OBJC_IMPLEMENTATIONS = YES;
				CLANG_WARN_DIRECT_OBJC_ISA_USAGE = YES_ERROR;
				CLANG_WARN_DOCUMENTATION_COMMENTS = YES;
				CLANG_WARN_EMPTY_BODY = YES;
				CLANG_WARN_ENUM_CONVERSION = YES;
				CLANG_WARN_INFINITE_RECURSION = YES;
				CLANG_WARN_INT_CONVERSION = YES;
				CLANG_WARN_NON_LITERAL_NULL_CONVERSION = YES;
				CLANG_WARN_OBJC_IMPLICIT_RETAIN_SELF = YES;
				CLANG_WARN_OBJC_LITERAL_CONVERSION = YES;
				CLANG_WARN_OBJC_ROOT_CLASS = YES_ERROR;
				CLANG_WARN_RANGE_LOOP_ANALYSIS = YES;
				CLANG_WARN_STRICT_PROTOTYPES = YES;
				CLANG_WARN_SUSPICIOUS_MOVE = YES;
				CLANG_WARN_UNGUARDED_AVAILABILITY = YES_AGGRESSIVE;
				CLANG_WARN_UNREACHABLE_CODE = YES;
				CLANG_WARN__DUPLICATE_METHOD_MATCH = YES;
				COPY_PHASE_STRIP = NO;
				DEBUG_INFORMATION_FORMAT = dwarf;
				ENABLE_STRICT_OBJC_MSGSEND = YES;
				ENABLE_TESTABILITY = YES;
				GCC_C_LANGUAGE_STANDARD = gnu11;
				GCC_DYNAMIC_NO_PIC = NO;
				GCC_NO_COMMON_BLOCKS = YES;
				GCC_OPTIMIZATION_LEVEL = 0;
				GCC_PREPROCESSOR_DEFINITIONS = (
					"DEBUG=1",
					"$(inherited)",
				);
				GCC_WARN_64_TO_32_BIT_CONVERSION = YES;
				GCC_WARN_ABOUT_RETURN_TYPE = YES_ERROR;
				GCC_WARN_UNDECLARED_SELECTOR = YES;
				GCC_WARN_UNINITIALIZED_AUTOS = YES_AGGRESSIVE;
				GCC_WARN_UNUSED_FUNCTION = YES;
				GCC_WARN_UNUSED_VARIABLE = YES;
				IPHONEOS_DEPLOYMENT_TARGET = 13.2;
				MTL_ENABLE_DEBUG_INFO = INCLUDE_SOURCE;
				MTL_FAST_MATH = YES;
				ONLY_ACTIVE_ARCH = YES;
				SDKROOT = iphoneos;
				SWIFT_ACTIVE_COMPILATION_CONDITIONS = DEBUG;
				SWIFT_OPTIMIZATION_LEVEL = "-Onone";
			};
			name = Debug;
		};
		5149A03323FB5340006FD0A6 /* Release */ = {
			isa = XCBuildConfiguration;
			buildSettings = {
				ALWAYS_SEARCH_USER_PATHS = NO;
				CLANG_ANALYZER_NONNULL = YES;
				CLANG_ANALYZER_NUMBER_OBJECT_CONVERSION = YES_AGGRESSIVE;
				CLANG_CXX_LANGUAGE_STANDARD = "gnu++14";
				CLANG_CXX_LIBRARY = "libc++";
				CLANG_ENABLE_MODULES = YES;
				CLANG_ENABLE_OBJC_ARC = YES;
				CLANG_ENABLE_OBJC_WEAK = YES;
				CLANG_WARN_BLOCK_CAPTURE_AUTORELEASING = YES;
				CLANG_WARN_BOOL_CONVERSION = YES;
				CLANG_WARN_COMMA = YES;
				CLANG_WARN_CONSTANT_CONVERSION = YES;
				CLANG_WARN_DEPRECATED_OBJC_IMPLEMENTATIONS = YES;
				CLANG_WARN_DIRECT_OBJC_ISA_USAGE = YES_ERROR;
				CLANG_WARN_DOCUMENTATION_COMMENTS = YES;
				CLANG_WARN_EMPTY_BODY = YES;
				CLANG_WARN_ENUM_CONVERSION = YES;
				CLANG_WARN_INFINITE_RECURSION = YES;
				CLANG_WARN_INT_CONVERSION = YES;
				CLANG_WARN_NON_LITERAL_NULL_CONVERSION = YES;
				CLANG_WARN_OBJC_IMPLICIT_RETAIN_SELF = YES;
				CLANG_WARN_OBJC_LITERAL_CONVERSION = YES;
				CLANG_WARN_OBJC_ROOT_CLASS = YES_ERROR;
				CLANG_WARN_RANGE_LOOP_ANALYSIS = YES;
				CLANG_WARN_STRICT_PROTOTYPES = YES;
				CLANG_WARN_SUSPICIOUS_MOVE = YES;
				CLANG_WARN_UNGUARDED_AVAILABILITY = YES_AGGRESSIVE;
				CLANG_WARN_UNREACHABLE_CODE = YES;
				CLANG_WARN__DUPLICATE_METHOD_MATCH = YES;
				COPY_PHASE_STRIP = NO;
				DEBUG_INFORMATION_FORMAT = "dwarf-with-dsym";
				ENABLE_NS_ASSERTIONS = NO;
				ENABLE_STRICT_OBJC_MSGSEND = YES;
				GCC_C_LANGUAGE_STANDARD = gnu11;
				GCC_NO_COMMON_BLOCKS = YES;
				GCC_WARN_64_TO_32_BIT_CONVERSION = YES;
				GCC_WARN_ABOUT_RETURN_TYPE = YES_ERROR;
				GCC_WARN_UNDECLARED_SELECTOR = YES;
				GCC_WARN_UNINITIALIZED_AUTOS = YES_AGGRESSIVE;
				GCC_WARN_UNUSED_FUNCTION = YES;
				GCC_WARN_UNUSED_VARIABLE = YES;
				IPHONEOS_DEPLOYMENT_TARGET = 13.2;
				MTL_ENABLE_DEBUG_INFO = NO;
				MTL_FAST_MATH = YES;
				SDKROOT = iphoneos;
				SWIFT_COMPILATION_MODE = wholemodule;
				SWIFT_OPTIMIZATION_LEVEL = "-O";
				VALIDATE_PRODUCT = YES;
			};
			name = Release;
		};
		5149A03523FB5340006FD0A6 /* Debug */ = {
			isa = XCBuildConfiguration;
			buildSettings = {
				ASSETCATALOG_COMPILER_APPICON_NAME = AppIcon;
				CODE_SIGN_STYLE = Automatic;
				DEVELOPMENT_ASSET_PATHS = "\"Project16/Preview Content\"";
				DEVELOPMENT_TEAM = B5C26XE59E;
				ENABLE_PREVIEWS = YES;
				INFOPLIST_FILE = Project16/Info.plist;
				LD_RUNPATH_SEARCH_PATHS = (
					"$(inherited)",
					"@executable_path/Frameworks",
				);
				PRODUCT_BUNDLE_IDENTIFIER = com.hackingwithswift.Project16;
				PRODUCT_NAME = "$(TARGET_NAME)";
				SWIFT_VERSION = 5.0;
				TARGETED_DEVICE_FAMILY = "1,2";
			};
			name = Debug;
		};
		5149A03623FB5340006FD0A6 /* Release */ = {
			isa = XCBuildConfiguration;
			buildSettings = {
				ASSETCATALOG_COMPILER_APPICON_NAME = AppIcon;
				CODE_SIGN_STYLE = Automatic;
				DEVELOPMENT_ASSET_PATHS = "\"Project16/Preview Content\"";
				DEVELOPMENT_TEAM = B5C26XE59E;
				ENABLE_PREVIEWS = YES;
				INFOPLIST_FILE = Project16/Info.plist;
				LD_RUNPATH_SEARCH_PATHS = (
					"$(inherited)",
					"@executable_path/Frameworks",
				);
				PRODUCT_BUNDLE_IDENTIFIER = com.hackingwithswift.Project16;
				PRODUCT_NAME = "$(TARGET_NAME)";
				SWIFT_VERSION = 5.0;
				TARGETED_DEVICE_FAMILY = "1,2";
			};
			name = Release;
		};
/* End XCBuildConfiguration section */

/* Begin XCConfigurationList section */
		5149A01B23FB533E006FD0A6 /* Build configuration list for PBXProject "Project16" */ = {
			isa = XCConfigurationList;
			buildConfigurations = (
				5149A03223FB5340006FD0A6 /* Debug */,
				5149A03323FB5340006FD0A6 /* Release */,
			);
			defaultConfigurationIsVisible = 0;
			defaultConfigurationName = Release;
		};
		5149A03423FB5340006FD0A6 /* Build configuration list for PBXNativeTarget "Project16" */ = {
			isa = XCConfigurationList;
			buildConfigurations = (
				5149A03523FB5340006FD0A6 /* Debug */,
				5149A03623FB5340006FD0A6 /* Release */,
			);
			defaultConfigurationIsVisible = 0;
			defaultConfigurationName = Release;
		};
/* End XCConfigurationList section */

/* Begin XCRemoteSwiftPackageReference section */
		5149A03D23FB54D9006FD0A6 /* XCRemoteSwiftPackageReference "CodeScanner" */ = {
			isa = XCRemoteSwiftPackageReference;
			repositoryURL = "https://github.com/twostraws/CodeScanner";
			requirement = {
				kind = upToNextMajorVersion;
				minimumVersion = 1.0.2;
			};
		};
/* End XCRemoteSwiftPackageReference section */

/* Begin XCSwiftPackageProductDependency section */
		5149A03E23FB54D9006FD0A6 /* CodeScanner */ = {
			isa = XCSwiftPackageProductDependency;
			package = 5149A03D23FB54D9006FD0A6 /* XCRemoteSwiftPackageReference "CodeScanner" */;
			productName = CodeScanner;
		};
/* End XCSwiftPackageProductDependency section */
	};
	rootObject = 5149A01823FB533E006FD0A6 /* Project object */;
}
