// !$*UTF8*$!
{
	archiveVersion = 1;
	classes = {
	};
	objectVersion = 46;
	objects = {

/* Begin PBXBuildFile section */
		515771A61A1D47920036D3BB /* AppDelegate.swift in Sources */ = {isa = PBXBuildFile; fileRef = 515771A51A1D47920036D3BB /* AppDelegate.swift */; };
		515771A81A1D47920036D3BB /* ViewController.swift in Sources */ = {isa = PBXBuildFile; fileRef = 515771A71A1D47920036D3BB /* ViewController.swift */; };
		515771AB1A1D47920036D3BB /* Main.storyboard in Resources */ = {isa = PBXBuildFile; fileRef = 515771A91A1D47920036D3BB /* Main.storyboard */; };
		515771AD1A1D47920036D3BB /* Images.xcassets in Resources */ = {isa = PBXBuildFile; fileRef = 515771AC1A1D47920036D3BB /* Images.xcassets */; };
		515771B01A1D47920036D3BB /* LaunchScreen.xib in Resources */ = {isa = PBXBuildFile; fileRef = 515771AE1A1D47920036D3BB /* LaunchScreen.xib */; };
/* End PBXBuildFile section */

/* Begin PBXFileReference section */
		515771A01A1D47920036D3BB /* Project4.app */ = {isa = PBXFileReference; explicitFileType = wrapper.application; includeInIndex = 0; path = Project4.app; sourceTree = BUILT_PRODUCTS_DIR; };
		515771A41A1D47920036D3BB /* Info.plist */ = {isa = PBXFileReference; lastKnownFileType = text.plist.xml; path = Info.plist; sourceTree = "<group>"; };
		515771A51A1D47920036D3BB /* AppDelegate.swift */ = {isa = PBXFileReference; lastKnownFileType = sourcecode.swift; path = AppDelegate.swift; sourceTree = "<group>"; };
		515771A71A1D47920036D3BB /* ViewController.swift */ = {isa = PBXFileReference; lastKnownFileType = sourcecode.swift; path = ViewController.swift; sourceTree = "<group>"; };
		515771AA1A1D47920036D3BB /* Base */ = {isa = PBXFileReference; lastKnownFileType = file.storyboard; name = Base; path = Base.lproj/Main.storyboard; sourceTree = "<group>"; };
		515771AC1A1D47920036D3BB /* Images.xcassets */ = {isa = PBXFileReference; lastKnownFileType = folder.assetcatalog; path = Images.xcassets; sourceTree = "<group>"; };
		515771AF1A1D47920036D3BB /* Base */ = {isa = PBXFileReference; lastKnownFileType = file.xib; name = Base; path = Base.lproj/LaunchScreen.xib; sourceTree = "<group>"; };
/* End PBXFileReference section */

/* Begin PBXFrameworksBuildPhase section */
		5157719D1A1D47920036D3BB /* Frameworks */ = {
			isa = PBXFrameworksBuildPhase;
			buildActionMask = 2147483647;
			files = (
			);
			runOnlyForDeploymentPostprocessing = 0;
		};
/* End PBXFrameworksBuildPhase section */

/* Begin PBXGroup section */
		515771971A1D47920036D3BB = {
			isa = PBXGroup;
			children = (
				515771A21A1D47920036D3BB /* Project4 */,
				515771A11A1D47920036D3BB /* Products */,
			);
			sourceTree = "<group>";
		};
		515771A11A1D47920036D3BB /* Products */ = {
			isa = PBXGroup;
			children = (
				515771A01A1D47920036D3BB /* Project4.app */,
			);
			name = Products;
			sourceTree = "<group>";
		};
		515771A21A1D47920036D3BB /* Project4 */ = {
			isa = PBXGroup;
			children = (
				515771A51A1D47920036D3BB /* AppDelegate.swift */,
				515771A71A1D47920036D3BB /* ViewController.swift */,
				515771A91A1D47920036D3BB /* Main.storyboard */,
				515771AC1A1D47920036D3BB /* Images.xcassets */,
				515771AE1A1D47920036D3BB /* LaunchScreen.xib */,
				515771A31A1D47920036D3BB /* Supporting Files */,
			);
			path = Project4;
			sourceTree = "<group>";
		};
		515771A31A1D47920036D3BB /* Supporting Files */ = {
			isa = PBXGroup;
			children = (
				515771A41A1D47920036D3BB /* Info.plist */,
			);
			name = "Supporting Files";
			sourceTree = "<group>";
		};
/* End PBXGroup section */

/* Begin PBXNativeTarget section */
		5157719F1A1D47920036D3BB /* Project4 */ = {
			isa = PBXNativeTarget;
			buildConfigurationList = 515771BF1A1D47920036D3BB /* Build configuration list for PBXNativeTarget "Project4" */;
			buildPhases = (
				5157719C1A1D47920036D3BB /* Sources */,
				5157719D1A1D47920036D3BB /* Frameworks */,
				5157719E1A1D47920036D3BB /* Resources */,
			);
			buildRules = (
			);
			dependencies = (
			);
			name = Project4;
			productName = Project4;
			productReference = 515771A01A1D47920036D3BB /* Project4.app */;
			productType = "com.apple.product-type.application";
		};
/* End PBXNativeTarget section */

/* Begin PBXProject section */
		515771981A1D47920036D3BB /* Project object */ = {
			isa = PBXProject;
			attributes = {
				LastUpgradeCheck = 0620;
				ORGANIZATIONNAME = Hudzilla;
				TargetAttributes = {
					5157719F1A1D47920036D3BB = {
						CreatedOnToolsVersion = 6.2;
					};
				};
			};
			buildConfigurationList = 5157719B1A1D47920036D3BB /* Build configuration list for PBXProject "Project4" */;
			compatibilityVersion = "Xcode 3.2";
			developmentRegion = English;
			hasScannedForEncodings = 0;
			knownRegions = (
				en,
				Base,
			);
			mainGroup = 515771971A1D47920036D3BB;
			productRefGroup = 515771A11A1D47920036D3BB /* Products */;
			projectDirPath = "";
			projectRoot = "";
			targets = (
				5157719F1A1D47920036D3BB /* Project4 */,
			);
		};
/* End PBXProject section */

/* Begin PBXResourcesBuildPhase section */
		5157719E1A1D47920036D3BB /* Resources */ = {
			isa = PBXResourcesBuildPhase;
			buildActionMask = 2147483647;
			files = (
				515771AB1A1D47920036D3BB /* Main.storyboard in Resources */,
				515771B01A1D47920036D3BB /* LaunchScreen.xib in Resources */,
				515771AD1A1D47920036D3BB /* Images.xcassets in Resources */,
			);
			runOnlyForDeploymentPostprocessing = 0;
		};
/* End PBXResourcesBuildPhase section */

/* Begin PBXSourcesBuildPhase section */
		5157719C1A1D47920036D3BB /* Sources */ = {
			isa = PBXSourcesBuildPhase;
			buildActionMask = 2147483647;
			files = (
				515771A81A1D47920036D3BB /* ViewController.swift in Sources */,
				515771A61A1D47920036D3BB /* AppDelegate.swift in Sources */,
			);
			runOnlyForDeploymentPostprocessing = 0;
		};
/* End PBXSourcesBuildPhase section */

/* Begin PBXVariantGroup section */
		515771A91A1D47920036D3BB /* Main.storyboard */ = {
			isa = PBXVariantGroup;
			children = (
				515771AA1A1D47920036D3BB /* Base */,
			);
			name = Main.storyboard;
			sourceTree = "<group>";
		};
		515771AE1A1D47920036D3BB /* LaunchScreen.xib */ = {
			isa = PBXVariantGroup;
			children = (
				515771AF1A1D47920036D3BB /* Base */,
			);
			name = LaunchScreen.xib;
			sourceTree = "<group>";
		};
/* End PBXVariantGroup section */

/* Begin XCBuildConfiguration section */
		515771BD1A1D47920036D3BB /* Debug */ = {
			isa = XCBuildConfiguration;
			buildSettings = {
				ALWAYS_SEARCH_USER_PATHS = NO;
				CLANG_CXX_LANGUAGE_STANDARD = "gnu++0x";
				CLANG_CXX_LIBRARY = "libc++";
				CLANG_ENABLE_MODULES = YES;
				CLANG_ENABLE_OBJC_ARC = YES;
				CLANG_WARN_BOOL_CONVERSION = YES;
				CLANG_WARN_CONSTANT_CONVERSION = YES;
				CLANG_WARN_DIRECT_OBJC_ISA_USAGE = YES_ERROR;
				CLANG_WARN_EMPTY_BODY = YES;
				CLANG_WARN_ENUM_CONVERSION = YES;
				CLANG_WARN_INT_CONVERSION = YES;
				CLANG_WARN_OBJC_ROOT_CLASS = YES_ERROR;
				CLANG_WARN_UNREACHABLE_CODE = YES;
				CLANG_WARN__DUPLICATE_METHOD_MATCH = YES;
				"CODE_SIGN_IDENTITY[sdk=iphoneos*]" = "iPhone Developer";
				COPY_PHASE_STRIP = NO;
				ENABLE_STRICT_OBJC_MSGSEND = YES;
				GCC_C_LANGUAGE_STANDARD = gnu99;
				GCC_DYNAMIC_NO_PIC = NO;
				GCC_OPTIMIZATION_LEVEL = 0;
				GCC_PREPROCESSOR_DEFINITIONS = (
					"DEBUG=1",
					"$(inherited)",
				);
				GCC_SYMBOLS_PRIVATE_EXTERN = NO;
				GCC_WARN_64_TO_32_BIT_CONVERSION = YES;
				GCC_WARN_ABOUT_RETURN_TYPE = YES_ERROR;
				GCC_WARN_UNDECLARED_SELECTOR = YES;
				GCC_WARN_UNINITIALIZED_AUTOS = YES_AGGRESSIVE;
				GCC_WARN_UNUSED_FUNCTION = YES;
				GCC_WARN_UNUSED_VARIABLE = YES;
				IPHONEOS_DEPLOYMENT_TARGET = 8.0;
				MTL_ENABLE_DEBUG_INFO = YES;
				ONLY_ACTIVE_ARCH = YES;
				SDKROOT = iphoneos;
				SWIFT_OPTIMIZATION_LEVEL = "-Onone";
			};
			name = Debug;
		};
		515771BE1A1D47920036D3BB /* Release */ = {
			isa = XCBuildConfiguration;
			buildSettings = {
				ALWAYS_SEARCH_USER_PATHS = NO;
				CLANG_CXX_LANGUAGE_STANDARD = "gnu++0x";
				CLANG_CXX_LIBRARY = "libc++";
				CLANG_ENABLE_MODULES = YES;
				CLANG_ENABLE_OBJC_ARC = YES;
				CLANG_WARN_BOOL_CONVERSION = YES;
				CLANG_WARN_CONSTANT_CONVERSION = YES;
				CLANG_WARN_DIRECT_OBJC_ISA_USAGE = YES_ERROR;
				CLANG_WARN_EMPTY_BODY = YES;
				CLANG_WARN_ENUM_CONVERSION = YES;
				CLANG_WARN_INT_CONVERSION = YES;
				CLANG_WARN_OBJC_ROOT_CLASS = YES_ERROR;
				CLANG_WARN_UNREACHABLE_CODE = YES;
				CLANG_WARN__DUPLICATE_METHOD_MATCH = YES;
				"CODE_SIGN_IDENTITY[sdk=iphoneos*]" = "iPhone Developer";
				COPY_PHASE_STRIP = YES;
				ENABLE_NS_ASSERTIONS = NO;
				ENABLE_STRICT_OBJC_MSGSEND = YES;
				GCC_C_LANGUAGE_STANDARD = gnu99;
				GCC_WARN_64_TO_32_BIT_CONVERSION = YES;
				GCC_WARN_ABOUT_RETURN_TYPE = YES_ERROR;
				GCC_WARN_UNDECLARED_SELECTOR = YES;
				GCC_WARN_UNINITIALIZED_AUTOS = YES_AGGRESSIVE;
				GCC_WARN_UNUSED_FUNCTION = YES;
				GCC_WARN_UNUSED_VARIABLE = YES;
				IPHONEOS_DEPLOYMENT_TARGET = 8.0;
				MTL_ENABLE_DEBUG_INFO = NO;
				SDKROOT = iphoneos;
				VALIDATE_PRODUCT = YES;
			};
			name = Release;
		};
		515771C01A1D47920036D3BB /* Debug */ = {
			isa = XCBuildConfiguration;
			buildSettings = {
				ASSETCATALOG_COMPILER_APPICON_NAME = AppIcon;
				INFOPLIST_FILE = Project4/Info.plist;
				LD_RUNPATH_SEARCH_PATHS = "$(inherited) @executable_path/Frameworks";
				PRODUCT_NAME = "$(TARGET_NAME)";
			};
			name = Debug;
		};
		515771C11A1D47920036D3BB /* Release */ = {
			isa = XCBuildConfiguration;
			buildSettings = {
				ASSETCATALOG_COMPILER_APPICON_NAME = AppIcon;
				INFOPLIST_FILE = Project4/Info.plist;
				LD_RUNPATH_SEARCH_PATHS = "$(inherited) @executable_path/Frameworks";
				PRODUCT_NAME = "$(TARGET_NAME)";
			};
			name = Release;
		};
/* End XCBuildConfiguration section */

/* Begin XCConfigurationList section */
		5157719B1A1D47920036D3BB /* Build configuration list for PBXProject "Project4" */ = {
			isa = XCConfigurationList;
			buildConfigurations = (
				515771BD1A1D47920036D3BB /* Debug */,
				515771BE1A1D47920036D3BB /* Release */,
			);
			defaultConfigurationIsVisible = 0;
			defaultConfigurationName = Release;
		};
		515771BF1A1D47920036D3BB /* Build configuration list for PBXNativeTarget "Project4" */ = {
			isa = XCConfigurationList;
			buildConfigurations = (
				515771C01A1D47920036D3BB /* Debug */,
				515771C11A1D47920036D3BB /* Release */,
			);
			defaultConfigurationIsVisible = 0;
			defaultConfigurationName = Release;
		};
/* End XCConfigurationList section */
	};
	rootObject = 515771981A1D47920036D3BB /* Project object */;
}
