// !$*UTF8*$!
{
	archiveVersion = 1;
	classes = {
	};
	objectVersion = 46;
	objects = {

/* Begin PBXBuildFile section */
		5189A39D1BA8D80E004A19F3 /* AppDelegate.swift in Sources */ = {isa = PBXBuildFile; fileRef = 5189A39C1BA8D80E004A19F3 /* AppDelegate.swift */; };
		5189A39F1BA8D80E004A19F3 /* ViewController.swift in Sources */ = {isa = PBXBuildFile; fileRef = 5189A39E1BA8D80E004A19F3 /* ViewController.swift */; };
		5189A3A21BA8D80E004A19F3 /* Main.storyboard in Resources */ = {isa = PBXBuildFile; fileRef = 5189A3A01BA8D80E004A19F3 /* Main.storyboard */; };
		5189A3A41BA8D80E004A19F3 /* Assets.xcassets in Resources */ = {isa = PBXBuildFile; fileRef = 5189A3A31BA8D80E004A19F3 /* Assets.xcassets */; };
		5189A3A71BA8D80E004A19F3 /* LaunchScreen.storyboard in Resources */ = {isa = PBXBuildFile; fileRef = 5189A3A51BA8D80E004A19F3 /* LaunchScreen.storyboard */; };
		5189A3B11BA8D819004A19F3 /* penguin.png in Resources */ = {isa = PBXBuildFile; fileRef = 5189A3AF1BA8D819004A19F3 /* penguin.png */; settings = {ASSET_TAGS = (); }; };
		5189A3B21BA8D819004A19F3 /* penguin@2x.png in Resources */ = {isa = PBXBuildFile; fileRef = 5189A3B01BA8D819004A19F3 /* penguin@2x.png */; settings = {ASSET_TAGS = (); }; };
/* End PBXBuildFile section */

/* Begin PBXFileReference section */
		5189A3991BA8D80E004A19F3 /* Project15.app */ = {isa = PBXFileReference; explicitFileType = wrapper.application; includeInIndex = 0; path = Project15.app; sourceTree = BUILT_PRODUCTS_DIR; };
		5189A39C1BA8D80E004A19F3 /* AppDelegate.swift */ = {isa = PBXFileReference; lastKnownFileType = sourcecode.swift; path = AppDelegate.swift; sourceTree = "<group>"; };
		5189A39E1BA8D80E004A19F3 /* ViewController.swift */ = {isa = PBXFileReference; lastKnownFileType = sourcecode.swift; path = ViewController.swift; sourceTree = "<group>"; };
		5189A3A11BA8D80E004A19F3 /* Base */ = {isa = PBXFileReference; lastKnownFileType = file.storyboard; name = Base; path = Base.lproj/Main.storyboard; sourceTree = "<group>"; };
		5189A3A31BA8D80E004A19F3 /* Assets.xcassets */ = {isa = PBXFileReference; lastKnownFileType = folder.assetcatalog; path = Assets.xcassets; sourceTree = "<group>"; };
		5189A3A61BA8D80E004A19F3 /* Base */ = {isa = PBXFileReference; lastKnownFileType = file.storyboard; name = Base; path = Base.lproj/LaunchScreen.storyboard; sourceTree = "<group>"; };
		5189A3A81BA8D80E004A19F3 /* Info.plist */ = {isa = PBXFileReference; lastKnownFileType = text.plist.xml; path = Info.plist; sourceTree = "<group>"; };
		5189A3AF1BA8D819004A19F3 /* penguin.png */ = {isa = PBXFileReference; lastKnownFileType = image.png; path = penguin.png; sourceTree = "<group>"; };
		5189A3B01BA8D819004A19F3 /* penguin@2x.png */ = {isa = PBXFileReference; lastKnownFileType = image.png; path = "penguin@2x.png"; sourceTree = "<group>"; };
/* End PBXFileReference section */

/* Begin PBXFrameworksBuildPhase section */
		5189A3961BA8D80E004A19F3 /* Frameworks */ = {
			isa = PBXFrameworksBuildPhase;
			buildActionMask = 2147483647;
			files = (
			);
			runOnlyForDeploymentPostprocessing = 0;
		};
/* End PBXFrameworksBuildPhase section */

/* Begin PBXGroup section */
		5189A3901BA8D80E004A19F3 = {
			isa = PBXGroup;
			children = (
				5189A39B1BA8D80E004A19F3 /* Project15 */,
				5189A39A1BA8D80E004A19F3 /* Products */,
			);
			sourceTree = "<group>";
		};
		5189A39A1BA8D80E004A19F3 /* Products */ = {
			isa = PBXGroup;
			children = (
				5189A3991BA8D80E004A19F3 /* Project15.app */,
			);
			name = Products;
			sourceTree = "<group>";
		};
		5189A39B1BA8D80E004A19F3 /* Project15 */ = {
			isa = PBXGroup;
			children = (
				5189A39C1BA8D80E004A19F3 /* AppDelegate.swift */,
				5189A39E1BA8D80E004A19F3 /* ViewController.swift */,
				5189A3A01BA8D80E004A19F3 /* Main.storyboard */,
				5189A3A31BA8D80E004A19F3 /* Assets.xcassets */,
				5189A3A51BA8D80E004A19F3 /* LaunchScreen.storyboard */,
				5189A3A81BA8D80E004A19F3 /* Info.plist */,
				5189A3AE1BA8D819004A19F3 /* Content */,
			);
			path = Project15;
			sourceTree = "<group>";
		};
		5189A3AE1BA8D819004A19F3 /* Content */ = {
			isa = PBXGroup;
			children = (
				5189A3AF1BA8D819004A19F3 /* penguin.png */,
				5189A3B01BA8D819004A19F3 /* penguin@2x.png */,
			);
			path = Content;
			sourceTree = "<group>";
		};
/* End PBXGroup section */

/* Begin PBXNativeTarget section */
		5189A3981BA8D80E004A19F3 /* Project15 */ = {
			isa = PBXNativeTarget;
			buildConfigurationList = 5189A3AB1BA8D80E004A19F3 /* Build configuration list for PBXNativeTarget "Project15" */;
			buildPhases = (
				5189A3951BA8D80E004A19F3 /* Sources */,
				5189A3961BA8D80E004A19F3 /* Frameworks */,
				5189A3971BA8D80E004A19F3 /* Resources */,
			);
			buildRules = (
			);
			dependencies = (
			);
			name = Project15;
			productName = Project15;
			productReference = 5189A3991BA8D80E004A19F3 /* Project15.app */;
			productType = "com.apple.product-type.application";
		};
/* End PBXNativeTarget section */

/* Begin PBXProject section */
		5189A3911BA8D80E004A19F3 /* Project object */ = {
			isa = PBXProject;
			attributes = {
				LastUpgradeCheck = 0700;
				ORGANIZATIONNAME = "Paul Hudson";
				TargetAttributes = {
					5189A3981BA8D80E004A19F3 = {
						CreatedOnToolsVersion = 7.0;
					};
				};
			};
			buildConfigurationList = 5189A3941BA8D80E004A19F3 /* Build configuration list for PBXProject "Project15" */;
			compatibilityVersion = "Xcode 3.2";
			developmentRegion = English;
			hasScannedForEncodings = 0;
			knownRegions = (
				en,
				Base,
			);
			mainGroup = 5189A3901BA8D80E004A19F3;
			productRefGroup = 5189A39A1BA8D80E004A19F3 /* Products */;
			projectDirPath = "";
			projectRoot = "";
			targets = (
				5189A3981BA8D80E004A19F3 /* Project15 */,
			);
		};
/* End PBXProject section */

/* Begin PBXResourcesBuildPhase section */
		5189A3971BA8D80E004A19F3 /* Resources */ = {
			isa = PBXResourcesBuildPhase;
			buildActionMask = 2147483647;
			files = (
				5189A3B11BA8D819004A19F3 /* penguin.png in Resources */,
				5189A3A71BA8D80E004A19F3 /* LaunchScreen.storyboard in Resources */,
				5189A3A41BA8D80E004A19F3 /* Assets.xcassets in Resources */,
				5189A3A21BA8D80E004A19F3 /* Main.storyboard in Resources */,
				5189A3B21BA8D819004A19F3 /* penguin@2x.png in Resources */,
			);
			runOnlyForDeploymentPostprocessing = 0;
		};
/* End PBXResourcesBuildPhase section */

/* Begin PBXSourcesBuildPhase section */
		5189A3951BA8D80E004A19F3 /* Sources */ = {
			isa = PBXSourcesBuildPhase;
			buildActionMask = 2147483647;
			files = (
				5189A39F1BA8D80E004A19F3 /* ViewController.swift in Sources */,
				5189A39D1BA8D80E004A19F3 /* AppDelegate.swift in Sources */,
			);
			runOnlyForDeploymentPostprocessing = 0;
		};
/* End PBXSourcesBuildPhase section */

/* Begin PBXVariantGroup section */
		5189A3A01BA8D80E004A19F3 /* Main.storyboard */ = {
			isa = PBXVariantGroup;
			children = (
				5189A3A11BA8D80E004A19F3 /* Base */,
			);
			name = Main.storyboard;
			sourceTree = "<group>";
		};
		5189A3A51BA8D80E004A19F3 /* LaunchScreen.storyboard */ = {
			isa = PBXVariantGroup;
			children = (
				5189A3A61BA8D80E004A19F3 /* Base */,
			);
			name = LaunchScreen.storyboard;
			sourceTree = "<group>";
		};
/* End PBXVariantGroup section */

/* Begin XCBuildConfiguration section */
		5189A3A91BA8D80E004A19F3 /* Debug */ = {
			isa = XCBuildConfiguration;
			buildSettings = {
				ALWAYS_SEARCH_USER_PATHS = NO;
				CLANG_CXX_LANGUAGE_STANDARD = "gnu++0x";
				CLANG_CXX_LIBRARY = "libc++";
				CLANG_ENABLE_MODULES = YES;
				CLANG_ENABLE_OBJC_ARC = YES;
				CLANG_WARN_BOOL_CONVERSION = YES;
				CLANG_WARN_CONSTANT_CONVERSION = YES;
				CLANG_WARN_DIRECT_OBJC_ISA_USAGE = YES_ERROR;
				CLANG_WARN_EMPTY_BODY = YES;
				CLANG_WARN_ENUM_CONVERSION = YES;
				CLANG_WARN_INT_CONVERSION = YES;
				CLANG_WARN_OBJC_ROOT_CLASS = YES_ERROR;
				CLANG_WARN_UNREACHABLE_CODE = YES;
				CLANG_WARN__DUPLICATE_METHOD_MATCH = YES;
				"CODE_SIGN_IDENTITY[sdk=iphoneos*]" = "iPhone Developer";
				COPY_PHASE_STRIP = NO;
				DEBUG_INFORMATION_FORMAT = dwarf;
				ENABLE_STRICT_OBJC_MSGSEND = YES;
				ENABLE_TESTABILITY = YES;
				GCC_C_LANGUAGE_STANDARD = gnu99;
				GCC_DYNAMIC_NO_PIC = NO;
				GCC_NO_COMMON_BLOCKS = YES;
				GCC_OPTIMIZATION_LEVEL = 0;
				GCC_PREPROCESSOR_DEFINITIONS = (
					"DEBUG=1",
					"$(inherited)",
				);
				GCC_WARN_64_TO_32_BIT_CONVERSION = YES;
				GCC_WARN_ABOUT_RETURN_TYPE = YES_ERROR;
				GCC_WARN_UNDECLARED_SELECTOR = YES;
				GCC_WARN_UNINITIALIZED_AUTOS = YES_AGGRESSIVE;
				GCC_WARN_UNUSED_FUNCTION = YES;
				GCC_WARN_UNUSED_VARIABLE = YES;
				IPHONEOS_DEPLOYMENT_TARGET = 9.0;
				MTL_ENABLE_DEBUG_INFO = YES;
				ONLY_ACTIVE_ARCH = YES;
				SDKROOT = iphoneos;
				SWIFT_OPTIMIZATION_LEVEL = "-Onone";
				TARGETED_DEVICE_FAMILY = 2;
			};
			name = Debug;
		};
		5189A3AA1BA8D80E004A19F3 /* Release */ = {
			isa = XCBuildConfiguration;
			buildSettings = {
				ALWAYS_SEARCH_USER_PATHS = NO;
				CLANG_CXX_LANGUAGE_STANDARD = "gnu++0x";
				CLANG_CXX_LIBRARY = "libc++";
				CLANG_ENABLE_MODULES = YES;
				CLANG_ENABLE_OBJC_ARC = YES;
				CLANG_WARN_BOOL_CONVERSION = YES;
				CLANG_WARN_CONSTANT_CONVERSION = YES;
				CLANG_WARN_DIRECT_OBJC_ISA_USAGE = YES_ERROR;
				CLANG_WARN_EMPTY_BODY = YES;
				CLANG_WARN_ENUM_CONVERSION = YES;
				CLANG_WARN_INT_CONVERSION = YES;
				CLANG_WARN_OBJC_ROOT_CLASS = YES_ERROR;
				CLANG_WARN_UNREACHABLE_CODE = YES;
				CLANG_WARN__DUPLICATE_METHOD_MATCH = YES;
				"CODE_SIGN_IDENTITY[sdk=iphoneos*]" = "iPhone Developer";
				COPY_PHASE_STRIP = NO;
				DEBUG_INFORMATION_FORMAT = "dwarf-with-dsym";
				ENABLE_NS_ASSERTIONS = NO;
				ENABLE_STRICT_OBJC_MSGSEND = YES;
				GCC_C_LANGUAGE_STANDARD = gnu99;
				GCC_NO_COMMON_BLOCKS = YES;
				GCC_WARN_64_TO_32_BIT_CONVERSION = YES;
				GCC_WARN_ABOUT_RETURN_TYPE = YES_ERROR;
				GCC_WARN_UNDECLARED_SELECTOR = YES;
				GCC_WARN_UNINITIALIZED_AUTOS = YES_AGGRESSIVE;
				GCC_WARN_UNUSED_FUNCTION = YES;
				GCC_WARN_UNUSED_VARIABLE = YES;
				IPHONEOS_DEPLOYMENT_TARGET = 9.0;
				MTL_ENABLE_DEBUG_INFO = NO;
				SDKROOT = iphoneos;
				TARGETED_DEVICE_FAMILY = 2;
				VALIDATE_PRODUCT = YES;
			};
			name = Release;
		};
		5189A3AC1BA8D80E004A19F3 /* Debug */ = {
			isa = XCBuildConfiguration;
			buildSettings = {
				ASSETCATALOG_COMPILER_APPICON_NAME = AppIcon;
				INFOPLIST_FILE = Project15/Info.plist;
				LD_RUNPATH_SEARCH_PATHS = "$(inherited) @executable_path/Frameworks";
				PRODUCT_BUNDLE_IDENTIFIER = com.hackingwithswift.Project15;
				PRODUCT_NAME = "$(TARGET_NAME)";
			};
			name = Debug;
		};
		5189A3AD1BA8D80E004A19F3 /* Release */ = {
			isa = XCBuildConfiguration;
			buildSettings = {
				ASSETCATALOG_COMPILER_APPICON_NAME = AppIcon;
				INFOPLIST_FILE = Project15/Info.plist;
				LD_RUNPATH_SEARCH_PATHS = "$(inherited) @executable_path/Frameworks";
				PRODUCT_BUNDLE_IDENTIFIER = com.hackingwithswift.Project15;
				PRODUCT_NAME = "$(TARGET_NAME)";
			};
			name = Release;
		};
/* End XCBuildConfiguration section */

/* Begin XCConfigurationList section */
		5189A3941BA8D80E004A19F3 /* Build configuration list for PBXProject "Project15" */ = {
			isa = XCConfigurationList;
			buildConfigurations = (
				5189A3A91BA8D80E004A19F3 /* Debug */,
				5189A3AA1BA8D80E004A19F3 /* Release */,
			);
			defaultConfigurationIsVisible = 0;
			defaultConfigurationName = Release;
		};
		5189A3AB1BA8D80E004A19F3 /* Build configuration list for PBXNativeTarget "Project15" */ = {
			isa = XCConfigurationList;
			buildConfigurations = (
				5189A3AC1BA8D80E004A19F3 /* Debug */,
				5189A3AD1BA8D80E004A19F3 /* Release */,
			);
			defaultConfigurationIsVisible = 0;
		};
/* End XCConfigurationList section */
	};
	rootObject = 5189A3911BA8D80E004A19F3 /* Project object */;
}
