// !$*UTF8*$!
{
	archiveVersion = 1;
	classes = {
	};
	objectVersion = 46;
	objects = {

/* Begin PBXBuildFile section */
		517ECFC01A1D35E600B32630 /* AppDelegate.swift in Sources */ = {isa = PBXBuildFile; fileRef = 517ECFBF1A1D35E600B32630 /* AppDelegate.swift */; };
		517ECFC21A1D35E600B32630 /* ViewController.swift in Sources */ = {isa = PBXBuildFile; fileRef = 517ECFC11A1D35E600B32630 /* ViewController.swift */; };
		517ECFC51A1D35E600B32630 /* Main.storyboard in Resources */ = {isa = PBXBuildFile; fileRef = 517ECFC31A1D35E600B32630 /* Main.storyboard */; };
		517ECFC71A1D35E600B32630 /* Images.xcassets in Resources */ = {isa = PBXBuildFile; fileRef = 517ECFC61A1D35E600B32630 /* Images.xcassets */; };
		517ECFCA1A1D35E600B32630 /* LaunchScreen.xib in Resources */ = {isa = PBXBuildFile; fileRef = 517ECFC81A1D35E600B32630 /* LaunchScreen.xib */; };
		517ECFE01A1D39A700B32630 /* Array+Shuffling.swift in Sources */ = {isa = PBXBuildFile; fileRef = 517ECFDF1A1D39A700B32630 /* Array+Shuffling.swift */; };
/* End PBXBuildFile section */

/* Begin PBXFileReference section */
		517ECFBA1A1D35E600B32630 /* Project2.app */ = {isa = PBXFileReference; explicitFileType = wrapper.application; includeInIndex = 0; path = Project2.app; sourceTree = BUILT_PRODUCTS_DIR; };
		517ECFBE1A1D35E600B32630 /* Info.plist */ = {isa = PBXFileReference; lastKnownFileType = text.plist.xml; path = Info.plist; sourceTree = "<group>"; };
		517ECFBF1A1D35E600B32630 /* AppDelegate.swift */ = {isa = PBXFileReference; lastKnownFileType = sourcecode.swift; path = AppDelegate.swift; sourceTree = "<group>"; };
		517ECFC11A1D35E600B32630 /* ViewController.swift */ = {isa = PBXFileReference; lastKnownFileType = sourcecode.swift; path = ViewController.swift; sourceTree = "<group>"; };
		517ECFC41A1D35E600B32630 /* Base */ = {isa = PBXFileReference; lastKnownFileType = file.storyboard; name = Base; path = Base.lproj/Main.storyboard; sourceTree = "<group>"; };
		517ECFC61A1D35E600B32630 /* Images.xcassets */ = {isa = PBXFileReference; lastKnownFileType = folder.assetcatalog; path = Images.xcassets; sourceTree = "<group>"; };
		517ECFC91A1D35E600B32630 /* Base */ = {isa = PBXFileReference; lastKnownFileType = file.xib; name = Base; path = Base.lproj/LaunchScreen.xib; sourceTree = "<group>"; };
		517ECFDF1A1D39A700B32630 /* Array+Shuffling.swift */ = {isa = PBXFileReference; fileEncoding = 4; lastKnownFileType = sourcecode.swift; path = "Array+Shuffling.swift"; sourceTree = "<group>"; };
/* End PBXFileReference section */

/* Begin PBXFrameworksBuildPhase section */
		517ECFB71A1D35E600B32630 /* Frameworks */ = {
			isa = PBXFrameworksBuildPhase;
			buildActionMask = 2147483647;
			files = (
			);
			runOnlyForDeploymentPostprocessing = 0;
		};
/* End PBXFrameworksBuildPhase section */

/* Begin PBXGroup section */
		517ECFB11A1D35E600B32630 = {
			isa = PBXGroup;
			children = (
				517ECFBC1A1D35E600B32630 /* Project2 */,
				517ECFBB1A1D35E600B32630 /* Products */,
			);
			sourceTree = "<group>";
		};
		517ECFBB1A1D35E600B32630 /* Products */ = {
			isa = PBXGroup;
			children = (
				517ECFBA1A1D35E600B32630 /* Project2.app */,
			);
			name = Products;
			sourceTree = "<group>";
		};
		517ECFBC1A1D35E600B32630 /* Project2 */ = {
			isa = PBXGroup;
			children = (
				517ECFBF1A1D35E600B32630 /* AppDelegate.swift */,
				517ECFC11A1D35E600B32630 /* ViewController.swift */,
				517ECFDF1A1D39A700B32630 /* Array+Shuffling.swift */,
				517ECFC31A1D35E600B32630 /* Main.storyboard */,
				517ECFC61A1D35E600B32630 /* Images.xcassets */,
				517ECFC81A1D35E600B32630 /* LaunchScreen.xib */,
				517ECFBD1A1D35E600B32630 /* Supporting Files */,
			);
			path = Project2;
			sourceTree = "<group>";
		};
		517ECFBD1A1D35E600B32630 /* Supporting Files */ = {
			isa = PBXGroup;
			children = (
				517ECFBE1A1D35E600B32630 /* Info.plist */,
			);
			name = "Supporting Files";
			sourceTree = "<group>";
		};
/* End PBXGroup section */

/* Begin PBXNativeTarget section */
		517ECFB91A1D35E600B32630 /* Project2 */ = {
			isa = PBXNativeTarget;
			buildConfigurationList = 517ECFD91A1D35E700B32630 /* Build configuration list for PBXNativeTarget "Project2" */;
			buildPhases = (
				517ECFB61A1D35E600B32630 /* Sources */,
				517ECFB71A1D35E600B32630 /* Frameworks */,
				517ECFB81A1D35E600B32630 /* Resources */,
			);
			buildRules = (
			);
			dependencies = (
			);
			name = Project2;
			productName = Project2;
			productReference = 517ECFBA1A1D35E600B32630 /* Project2.app */;
			productType = "com.apple.product-type.application";
		};
/* End PBXNativeTarget section */

/* Begin PBXProject section */
		517ECFB21A1D35E600B32630 /* Project object */ = {
			isa = PBXProject;
			attributes = {
				LastUpgradeCheck = 0620;
				ORGANIZATIONNAME = Hudzilla;
				TargetAttributes = {
					517ECFB91A1D35E600B32630 = {
						CreatedOnToolsVersion = 6.2;
					};
				};
			};
			buildConfigurationList = 517ECFB51A1D35E600B32630 /* Build configuration list for PBXProject "Project2" */;
			compatibilityVersion = "Xcode 3.2";
			developmentRegion = English;
			hasScannedForEncodings = 0;
			knownRegions = (
				en,
				Base,
			);
			mainGroup = 517ECFB11A1D35E600B32630;
			productRefGroup = 517ECFBB1A1D35E600B32630 /* Products */;
			projectDirPath = "";
			projectRoot = "";
			targets = (
				517ECFB91A1D35E600B32630 /* Project2 */,
			);
		};
/* End PBXProject section */

/* Begin PBXResourcesBuildPhase section */
		517ECFB81A1D35E600B32630 /* Resources */ = {
			isa = PBXResourcesBuildPhase;
			buildActionMask = 2147483647;
			files = (
				517ECFC51A1D35E600B32630 /* Main.storyboard in Resources */,
				517ECFCA1A1D35E600B32630 /* LaunchScreen.xib in Resources */,
				517ECFC71A1D35E600B32630 /* Images.xcassets in Resources */,
			);
			runOnlyForDeploymentPostprocessing = 0;
		};
/* End PBXResourcesBuildPhase section */

/* Begin PBXSourcesBuildPhase section */
		517ECFB61A1D35E600B32630 /* Sources */ = {
			isa = PBXSourcesBuildPhase;
			buildActionMask = 2147483647;
			files = (
				517ECFC21A1D35E600B32630 /* ViewController.swift in Sources */,
				517ECFC01A1D35E600B32630 /* AppDelegate.swift in Sources */,
				517ECFE01A1D39A700B32630 /* Array+Shuffling.swift in Sources */,
			);
			runOnlyForDeploymentPostprocessing = 0;
		};
/* End PBXSourcesBuildPhase section */

/* Begin PBXVariantGroup section */
		517ECFC31A1D35E600B32630 /* Main.storyboard */ = {
			isa = PBXVariantGroup;
			children = (
				517ECFC41A1D35E600B32630 /* Base */,
			);
			name = Main.storyboard;
			sourceTree = "<group>";
		};
		517ECFC81A1D35E600B32630 /* LaunchScreen.xib */ = {
			isa = PBXVariantGroup;
			children = (
				517ECFC91A1D35E600B32630 /* Base */,
			);
			name = LaunchScreen.xib;
			sourceTree = "<group>";
		};
/* End PBXVariantGroup section */

/* Begin XCBuildConfiguration section */
		517ECFD71A1D35E700B32630 /* Debug */ = {
			isa = XCBuildConfiguration;
			buildSettings = {
				ALWAYS_SEARCH_USER_PATHS = NO;
				CLANG_CXX_LANGUAGE_STANDARD = "gnu++0x";
				CLANG_CXX_LIBRARY = "libc++";
				CLANG_ENABLE_MODULES = YES;
				CLANG_ENABLE_OBJC_ARC = YES;
				CLANG_WARN_BOOL_CONVERSION = YES;
				CLANG_WARN_CONSTANT_CONVERSION = YES;
				CLANG_WARN_DIRECT_OBJC_ISA_USAGE = YES_ERROR;
				CLANG_WARN_EMPTY_BODY = YES;
				CLANG_WARN_ENUM_CONVERSION = YES;
				CLANG_WARN_INT_CONVERSION = YES;
				CLANG_WARN_OBJC_ROOT_CLASS = YES_ERROR;
				CLANG_WARN_UNREACHABLE_CODE = YES;
				CLANG_WARN__DUPLICATE_METHOD_MATCH = YES;
				"CODE_SIGN_IDENTITY[sdk=iphoneos*]" = "iPhone Developer";
				COPY_PHASE_STRIP = NO;
				ENABLE_STRICT_OBJC_MSGSEND = YES;
				GCC_C_LANGUAGE_STANDARD = gnu99;
				GCC_DYNAMIC_NO_PIC = NO;
				GCC_OPTIMIZATION_LEVEL = 0;
				GCC_PREPROCESSOR_DEFINITIONS = (
					"DEBUG=1",
					"$(inherited)",
				);
				GCC_SYMBOLS_PRIVATE_EXTERN = NO;
				GCC_WARN_64_TO_32_BIT_CONVERSION = YES;
				GCC_WARN_ABOUT_RETURN_TYPE = YES_ERROR;
				GCC_WARN_UNDECLARED_SELECTOR = YES;
				GCC_WARN_UNINITIALIZED_AUTOS = YES_AGGRESSIVE;
				GCC_WARN_UNUSED_FUNCTION = YES;
				GCC_WARN_UNUSED_VARIABLE = YES;
				IPHONEOS_DEPLOYMENT_TARGET = 8.0;
				MTL_ENABLE_DEBUG_INFO = YES;
				ONLY_ACTIVE_ARCH = YES;
				SDKROOT = iphoneos;
				SWIFT_OPTIMIZATION_LEVEL = "-Onone";
			};
			name = Debug;
		};
		517ECFD81A1D35E700B32630 /* Release */ = {
			isa = XCBuildConfiguration;
			buildSettings = {
				ALWAYS_SEARCH_USER_PATHS = NO;
				CLANG_CXX_LANGUAGE_STANDARD = "gnu++0x";
				CLANG_CXX_LIBRARY = "libc++";
				CLANG_ENABLE_MODULES = YES;
				CLANG_ENABLE_OBJC_ARC = YES;
				CLANG_WARN_BOOL_CONVERSION = YES;
				CLANG_WARN_CONSTANT_CONVERSION = YES;
				CLANG_WARN_DIRECT_OBJC_ISA_USAGE = YES_ERROR;
				CLANG_WARN_EMPTY_BODY = YES;
				CLANG_WARN_ENUM_CONVERSION = YES;
				CLANG_WARN_INT_CONVERSION = YES;
				CLANG_WARN_OBJC_ROOT_CLASS = YES_ERROR;
				CLANG_WARN_UNREACHABLE_CODE = YES;
				CLANG_WARN__DUPLICATE_METHOD_MATCH = YES;
				"CODE_SIGN_IDENTITY[sdk=iphoneos*]" = "iPhone Developer";
				COPY_PHASE_STRIP = YES;
				ENABLE_NS_ASSERTIONS = NO;
				ENABLE_STRICT_OBJC_MSGSEND = YES;
				GCC_C_LANGUAGE_STANDARD = gnu99;
				GCC_WARN_64_TO_32_BIT_CONVERSION = YES;
				GCC_WARN_ABOUT_RETURN_TYPE = YES_ERROR;
				GCC_WARN_UNDECLARED_SELECTOR = YES;
				GCC_WARN_UNINITIALIZED_AUTOS = YES_AGGRESSIVE;
				GCC_WARN_UNUSED_FUNCTION = YES;
				GCC_WARN_UNUSED_VARIABLE = YES;
				IPHONEOS_DEPLOYMENT_TARGET = 8.0;
				MTL_ENABLE_DEBUG_INFO = NO;
				SDKROOT = iphoneos;
				VALIDATE_PRODUCT = YES;
			};
			name = Release;
		};
		517ECFDA1A1D35E700B32630 /* Debug */ = {
			isa = XCBuildConfiguration;
			buildSettings = {
				ASSETCATALOG_COMPILER_APPICON_NAME = AppIcon;
				INFOPLIST_FILE = Project2/Info.plist;
				LD_RUNPATH_SEARCH_PATHS = "$(inherited) @executable_path/Frameworks";
				PRODUCT_NAME = "$(TARGET_NAME)";
			};
			name = Debug;
		};
		517ECFDB1A1D35E700B32630 /* Release */ = {
			isa = XCBuildConfiguration;
			buildSettings = {
				ASSETCATALOG_COMPILER_APPICON_NAME = AppIcon;
				INFOPLIST_FILE = Project2/Info.plist;
				LD_RUNPATH_SEARCH_PATHS = "$(inherited) @executable_path/Frameworks";
				PRODUCT_NAME = "$(TARGET_NAME)";
			};
			name = Release;
		};
/* End XCBuildConfiguration section */

/* Begin XCConfigurationList section */
		517ECFB51A1D35E600B32630 /* Build configuration list for PBXProject "Project2" */ = {
			isa = XCConfigurationList;
			buildConfigurations = (
				517ECFD71A1D35E700B32630 /* Debug */,
				517ECFD81A1D35E700B32630 /* Release */,
			);
			defaultConfigurationIsVisible = 0;
			defaultConfigurationName = Release;
		};
		517ECFD91A1D35E700B32630 /* Build configuration list for PBXNativeTarget "Project2" */ = {
			isa = XCConfigurationList;
			buildConfigurations = (
				517ECFDA1A1D35E700B32630 /* Debug */,
				517ECFDB1A1D35E700B32630 /* Release */,
			);
			defaultConfigurationIsVisible = 0;
			defaultConfigurationName = Release;
		};
/* End XCConfigurationList section */
	};
	rootObject = 517ECFB21A1D35E600B32630 /* Project object */;
}
