// !$*UTF8*$!
{
	archiveVersion = 1;
	classes = {
	};
	objectVersion = 46;
	objects = {

/* Begin PBXBuildFile section */
		5190C87C1BAB4B8A0031209E /* AppDelegate.swift in Sources */ = {isa = PBXBuildFile; fileRef = 5190C87B1BAB4B8A0031209E /* AppDelegate.swift */; };
		5190C87E1BAB4B8A0031209E /* ViewController.swift in Sources */ = {isa = PBXBuildFile; fileRef = 5190C87D1BAB4B8A0031209E /* ViewController.swift */; };
		5190C8811BAB4B8A0031209E /* Main.storyboard in Resources */ = {isa = PBXBuildFile; fileRef = 5190C87F1BAB4B8A0031209E /* Main.storyboard */; };
		5190C8831BAB4B8A0031209E /* Assets.xcassets in Resources */ = {isa = PBXBuildFile; fileRef = 5190C8821BAB4B8A0031209E /* Assets.xcassets */; };
		5190C8861BAB4B8A0031209E /* LaunchScreen.storyboard in Resources */ = {isa = PBXBuildFile; fileRef = 5190C8841BAB4B8A0031209E /* LaunchScreen.storyboard */; };
/* End PBXBuildFile section */

/* Begin PBXFileReference section */
		5190C8781BAB4B8A0031209E /* Project25.app */ = {isa = PBXFileReference; explicitFileType = wrapper.application; includeInIndex = 0; path = Project25.app; sourceTree = BUILT_PRODUCTS_DIR; };
		5190C87B1BAB4B8A0031209E /* AppDelegate.swift */ = {isa = PBXFileReference; lastKnownFileType = sourcecode.swift; path = AppDelegate.swift; sourceTree = "<group>"; };
		5190C87D1BAB4B8A0031209E /* ViewController.swift */ = {isa = PBXFileReference; lastKnownFileType = sourcecode.swift; path = ViewController.swift; sourceTree = "<group>"; };
		5190C8801BAB4B8A0031209E /* Base */ = {isa = PBXFileReference; lastKnownFileType = file.storyboard; name = Base; path = Base.lproj/Main.storyboard; sourceTree = "<group>"; };
		5190C8821BAB4B8A0031209E /* Assets.xcassets */ = {isa = PBXFileReference; lastKnownFileType = folder.assetcatalog; path = Assets.xcassets; sourceTree = "<group>"; };
		5190C8851BAB4B8A0031209E /* Base */ = {isa = PBXFileReference; lastKnownFileType = file.storyboard; name = Base; path = Base.lproj/LaunchScreen.storyboard; sourceTree = "<group>"; };
		5190C8871BAB4B8A0031209E /* Info.plist */ = {isa = PBXFileReference; lastKnownFileType = text.plist.xml; path = Info.plist; sourceTree = "<group>"; };
/* End PBXFileReference section */

/* Begin PBXFrameworksBuildPhase section */
		5190C8751BAB4B8A0031209E /* Frameworks */ = {
			isa = PBXFrameworksBuildPhase;
			buildActionMask = 2147483647;
			files = (
			);
			runOnlyForDeploymentPostprocessing = 0;
		};
/* End PBXFrameworksBuildPhase section */

/* Begin PBXGroup section */
		5190C86F1BAB4B8A0031209E = {
			isa = PBXGroup;
			children = (
				5190C87A1BAB4B8A0031209E /* Project25 */,
				5190C8791BAB4B8A0031209E /* Products */,
			);
			sourceTree = "<group>";
		};
		5190C8791BAB4B8A0031209E /* Products */ = {
			isa = PBXGroup;
			children = (
				5190C8781BAB4B8A0031209E /* Project25.app */,
			);
			name = Products;
			sourceTree = "<group>";
		};
		5190C87A1BAB4B8A0031209E /* Project25 */ = {
			isa = PBXGroup;
			children = (
				5190C87B1BAB4B8A0031209E /* AppDelegate.swift */,
				5190C87D1BAB4B8A0031209E /* ViewController.swift */,
				5190C87F1BAB4B8A0031209E /* Main.storyboard */,
				5190C8821BAB4B8A0031209E /* Assets.xcassets */,
				5190C8841BAB4B8A0031209E /* LaunchScreen.storyboard */,
				5190C8871BAB4B8A0031209E /* Info.plist */,
			);
			path = Project25;
			sourceTree = "<group>";
		};
/* End PBXGroup section */

/* Begin PBXNativeTarget section */
		5190C8771BAB4B8A0031209E /* Project25 */ = {
			isa = PBXNativeTarget;
			buildConfigurationList = 5190C88A1BAB4B8A0031209E /* Build configuration list for PBXNativeTarget "Project25" */;
			buildPhases = (
				5190C8741BAB4B8A0031209E /* Sources */,
				5190C8751BAB4B8A0031209E /* Frameworks */,
				5190C8761BAB4B8A0031209E /* Resources */,
			);
			buildRules = (
			);
			dependencies = (
			);
			name = Project25;
			productName = Project25;
			productReference = 5190C8781BAB4B8A0031209E /* Project25.app */;
			productType = "com.apple.product-type.application";
		};
/* End PBXNativeTarget section */

/* Begin PBXProject section */
		5190C8701BAB4B8A0031209E /* Project object */ = {
			isa = PBXProject;
			attributes = {
				LastUpgradeCheck = 0700;
				ORGANIZATIONNAME = "Paul Hudson";
				TargetAttributes = {
					5190C8771BAB4B8A0031209E = {
						CreatedOnToolsVersion = 7.0;
					};
				};
			};
			buildConfigurationList = 5190C8731BAB4B8A0031209E /* Build configuration list for PBXProject "Project25" */;
			compatibilityVersion = "Xcode 3.2";
			developmentRegion = English;
			hasScannedForEncodings = 0;
			knownRegions = (
				en,
				Base,
			);
			mainGroup = 5190C86F1BAB4B8A0031209E;
			productRefGroup = 5190C8791BAB4B8A0031209E /* Products */;
			projectDirPath = "";
			projectRoot = "";
			targets = (
				5190C8771BAB4B8A0031209E /* Project25 */,
			);
		};
/* End PBXProject section */

/* Begin PBXResourcesBuildPhase section */
		5190C8761BAB4B8A0031209E /* Resources */ = {
			isa = PBXResourcesBuildPhase;
			buildActionMask = 2147483647;
			files = (
				5190C8861BAB4B8A0031209E /* LaunchScreen.storyboard in Resources */,
				5190C8831BAB4B8A0031209E /* Assets.xcassets in Resources */,
				5190C8811BAB4B8A0031209E /* Main.storyboard in Resources */,
			);
			runOnlyForDeploymentPostprocessing = 0;
		};
/* End PBXResourcesBuildPhase section */

/* Begin PBXSourcesBuildPhase section */
		5190C8741BAB4B8A0031209E /* Sources */ = {
			isa = PBXSourcesBuildPhase;
			buildActionMask = 2147483647;
			files = (
				5190C87E1BAB4B8A0031209E /* ViewController.swift in Sources */,
				5190C87C1BAB4B8A0031209E /* AppDelegate.swift in Sources */,
			);
			runOnlyForDeploymentPostprocessing = 0;
		};
/* End PBXSourcesBuildPhase section */

/* Begin PBXVariantGroup section */
		5190C87F1BAB4B8A0031209E /* Main.storyboard */ = {
			isa = PBXVariantGroup;
			children = (
				5190C8801BAB4B8A0031209E /* Base */,
			);
			name = Main.storyboard;
			sourceTree = "<group>";
		};
		5190C8841BAB4B8A0031209E /* LaunchScreen.storyboard */ = {
			isa = PBXVariantGroup;
			children = (
				5190C8851BAB4B8A0031209E /* Base */,
			);
			name = LaunchScreen.storyboard;
			sourceTree = "<group>";
		};
/* End PBXVariantGroup section */

/* Begin XCBuildConfiguration section */
		5190C8881BAB4B8A0031209E /* Debug */ = {
			isa = XCBuildConfiguration;
			buildSettings = {
				ALWAYS_SEARCH_USER_PATHS = NO;
				CLANG_CXX_LANGUAGE_STANDARD = "gnu++0x";
				CLANG_CXX_LIBRARY = "libc++";
				CLANG_ENABLE_MODULES = YES;
				CLANG_ENABLE_OBJC_ARC = YES;
				CLANG_WARN_BOOL_CONVERSION = YES;
				CLANG_WARN_CONSTANT_CONVERSION = YES;
				CLANG_WARN_DIRECT_OBJC_ISA_USAGE = YES_ERROR;
				CLANG_WARN_EMPTY_BODY = YES;
				CLANG_WARN_ENUM_CONVERSION = YES;
				CLANG_WARN_INT_CONVERSION = YES;
				CLANG_WARN_OBJC_ROOT_CLASS = YES_ERROR;
				CLANG_WARN_UNREACHABLE_CODE = YES;
				CLANG_WARN__DUPLICATE_METHOD_MATCH = YES;
				"CODE_SIGN_IDENTITY[sdk=iphoneos*]" = "iPhone Developer";
				COPY_PHASE_STRIP = NO;
				DEBUG_INFORMATION_FORMAT = dwarf;
				ENABLE_STRICT_OBJC_MSGSEND = YES;
				ENABLE_TESTABILITY = YES;
				GCC_C_LANGUAGE_STANDARD = gnu99;
				GCC_DYNAMIC_NO_PIC = NO;
				GCC_NO_COMMON_BLOCKS = YES;
				GCC_OPTIMIZATION_LEVEL = 0;
				GCC_PREPROCESSOR_DEFINITIONS = (
					"DEBUG=1",
					"$(inherited)",
				);
				GCC_WARN_64_TO_32_BIT_CONVERSION = YES;
				GCC_WARN_ABOUT_RETURN_TYPE = YES_ERROR;
				GCC_WARN_UNDECLARED_SELECTOR = YES;
				GCC_WARN_UNINITIALIZED_AUTOS = YES_AGGRESSIVE;
				GCC_WARN_UNUSED_FUNCTION = YES;
				GCC_WARN_UNUSED_VARIABLE = YES;
				IPHONEOS_DEPLOYMENT_TARGET = 9.0;
				MTL_ENABLE_DEBUG_INFO = YES;
				ONLY_ACTIVE_ARCH = YES;
				SDKROOT = iphoneos;
				SWIFT_OPTIMIZATION_LEVEL = "-Onone";
				TARGETED_DEVICE_FAMILY = 2;
			};
			name = Debug;
		};
		5190C8891BAB4B8A0031209E /* Release */ = {
			isa = XCBuildConfiguration;
			buildSettings = {
				ALWAYS_SEARCH_USER_PATHS = NO;
				CLANG_CXX_LANGUAGE_STANDARD = "gnu++0x";
				CLANG_CXX_LIBRARY = "libc++";
				CLANG_ENABLE_MODULES = YES;
				CLANG_ENABLE_OBJC_ARC = YES;
				CLANG_WARN_BOOL_CONVERSION = YES;
				CLANG_WARN_CONSTANT_CONVERSION = YES;
				CLANG_WARN_DIRECT_OBJC_ISA_USAGE = YES_ERROR;
				CLANG_WARN_EMPTY_BODY = YES;
				CLANG_WARN_ENUM_CONVERSION = YES;
				CLANG_WARN_INT_CONVERSION = YES;
				CLANG_WARN_OBJC_ROOT_CLASS = YES_ERROR;
				CLANG_WARN_UNREACHABLE_CODE = YES;
				CLANG_WARN__DUPLICATE_METHOD_MATCH = YES;
				"CODE_SIGN_IDENTITY[sdk=iphoneos*]" = "iPhone Developer";
				COPY_PHASE_STRIP = NO;
				DEBUG_INFORMATION_FORMAT = "dwarf-with-dsym";
				ENABLE_NS_ASSERTIONS = NO;
				ENABLE_STRICT_OBJC_MSGSEND = YES;
				GCC_C_LANGUAGE_STANDARD = gnu99;
				GCC_NO_COMMON_BLOCKS = YES;
				GCC_WARN_64_TO_32_BIT_CONVERSION = YES;
				GCC_WARN_ABOUT_RETURN_TYPE = YES_ERROR;
				GCC_WARN_UNDECLARED_SELECTOR = YES;
				GCC_WARN_UNINITIALIZED_AUTOS = YES_AGGRESSIVE;
				GCC_WARN_UNUSED_FUNCTION = YES;
				GCC_WARN_UNUSED_VARIABLE = YES;
				IPHONEOS_DEPLOYMENT_TARGET = 9.0;
				MTL_ENABLE_DEBUG_INFO = NO;
				SDKROOT = iphoneos;
				TARGETED_DEVICE_FAMILY = 2;
				VALIDATE_PRODUCT = YES;
			};
			name = Release;
		};
		5190C88B1BAB4B8A0031209E /* Debug */ = {
			isa = XCBuildConfiguration;
			buildSettings = {
				ASSETCATALOG_COMPILER_APPICON_NAME = AppIcon;
				INFOPLIST_FILE = Project25/Info.plist;
				LD_RUNPATH_SEARCH_PATHS = "$(inherited) @executable_path/Frameworks";
				PRODUCT_BUNDLE_IDENTIFIER = com.hackingwithswift.Project25;
				PRODUCT_NAME = "$(TARGET_NAME)";
			};
			name = Debug;
		};
		5190C88C1BAB4B8A0031209E /* Release */ = {
			isa = XCBuildConfiguration;
			buildSettings = {
				ASSETCATALOG_COMPILER_APPICON_NAME = AppIcon;
				INFOPLIST_FILE = Project25/Info.plist;
				LD_RUNPATH_SEARCH_PATHS = "$(inherited) @executable_path/Frameworks";
				PRODUCT_BUNDLE_IDENTIFIER = com.hackingwithswift.Project25;
				PRODUCT_NAME = "$(TARGET_NAME)";
			};
			name = Release;
		};
/* End XCBuildConfiguration section */

/* Begin XCConfigurationList section */
		5190C8731BAB4B8A0031209E /* Build configuration list for PBXProject "Project25" */ = {
			isa = XCConfigurationList;
			buildConfigurations = (
				5190C8881BAB4B8A0031209E /* Debug */,
				5190C8891BAB4B8A0031209E /* Release */,
			);
			defaultConfigurationIsVisible = 0;
			defaultConfigurationName = Release;
		};
		5190C88A1BAB4B8A0031209E /* Build configuration list for PBXNativeTarget "Project25" */ = {
			isa = XCConfigurationList;
			buildConfigurations = (
				5190C88B1BAB4B8A0031209E /* Debug */,
				5190C88C1BAB4B8A0031209E /* Release */,
			);
			defaultConfigurationIsVisible = 0;
		};
/* End XCConfigurationList section */
	};
	rootObject = 5190C8701BAB4B8A0031209E /* Project object */;
}
