// !$*UTF8*$!
{
	archiveVersion = 1;
	classes = {
	};
	objectVersion = 46;
	objects = {

/* Begin PBXBuildFile section */
		5126539A1D5CEDD500DF1A4A /* AppDelegate.swift in Sources */ = {isa = PBXBuildFile; fileRef = 512653991D5CEDD500DF1A4A /* AppDelegate.swift */; };
		5126539C1D5CEDD500DF1A4A /* ViewController.swift in Sources */ = {isa = PBXBuildFile; fileRef = 5126539B1D5CEDD500DF1A4A /* ViewController.swift */; };
		5126539F1D5CEDD500DF1A4A /* Main.storyboard in Resources */ = {isa = PBXBuildFile; fileRef = 5126539D1D5CEDD500DF1A4A /* Main.storyboard */; };
		512653A11D5CEDD500DF1A4A /* Assets.xcassets in Resources */ = {isa = PBXBuildFile; fileRef = 512653A01D5CEDD500DF1A4A /* Assets.xcassets */; };
		512653A41D5CEDD500DF1A4A /* LaunchScreen.storyboard in Resources */ = {isa = PBXBuildFile; fileRef = 512653A21D5CEDD500DF1A4A /* LaunchScreen.storyboard */; };
		512653B51D5D095900DF1A4A /* nssl0033.jpg in Resources */ = {isa = PBXBuildFile; fileRef = 512653AB1D5D095900DF1A4A /* nssl0033.jpg */; };
		512653B61D5D095900DF1A4A /* nssl0034.jpg in Resources */ = {isa = PBXBuildFile; fileRef = 512653AC1D5D095900DF1A4A /* nssl0034.jpg */; };
		512653B71D5D095900DF1A4A /* nssl0041.jpg in Resources */ = {isa = PBXBuildFile; fileRef = 512653AD1D5D095900DF1A4A /* nssl0041.jpg */; };
		512653B81D5D095900DF1A4A /* nssl0042.jpg in Resources */ = {isa = PBXBuildFile; fileRef = 512653AE1D5D095900DF1A4A /* nssl0042.jpg */; };
		512653B91D5D095900DF1A4A /* nssl0043.jpg in Resources */ = {isa = PBXBuildFile; fileRef = 512653AF1D5D095900DF1A4A /* nssl0043.jpg */; };
		512653BA1D5D095900DF1A4A /* nssl0045.jpg in Resources */ = {isa = PBXBuildFile; fileRef = 512653B01D5D095900DF1A4A /* nssl0045.jpg */; };
		512653BB1D5D095900DF1A4A /* nssl0046.jpg in Resources */ = {isa = PBXBuildFile; fileRef = 512653B11D5D095900DF1A4A /* nssl0046.jpg */; };
		512653BC1D5D095900DF1A4A /* nssl0049.jpg in Resources */ = {isa = PBXBuildFile; fileRef = 512653B21D5D095900DF1A4A /* nssl0049.jpg */; };
		512653BD1D5D095900DF1A4A /* nssl0051.jpg in Resources */ = {isa = PBXBuildFile; fileRef = 512653B31D5D095900DF1A4A /* nssl0051.jpg */; };
		512653BE1D5D095900DF1A4A /* nssl0091.jpg in Resources */ = {isa = PBXBuildFile; fileRef = 512653B41D5D095900DF1A4A /* nssl0091.jpg */; };
		5195E7F81D5E5ED200E113B8 /* DetailViewController.swift in Sources */ = {isa = PBXBuildFile; fileRef = 5195E7F71D5E5ED200E113B8 /* DetailViewController.swift */; };
/* End PBXBuildFile section */

/* Begin PBXFileReference section */
		512653961D5CEDD500DF1A4A /* Project1.app */ = {isa = PBXFileReference; explicitFileType = wrapper.application; includeInIndex = 0; path = Project1.app; sourceTree = BUILT_PRODUCTS_DIR; };
		512653991D5CEDD500DF1A4A /* AppDelegate.swift */ = {isa = PBXFileReference; lastKnownFileType = sourcecode.swift; path = AppDelegate.swift; sourceTree = "<group>"; };
		5126539B1D5CEDD500DF1A4A /* ViewController.swift */ = {isa = PBXFileReference; lastKnownFileType = sourcecode.swift; path = ViewController.swift; sourceTree = "<group>"; };
		5126539E1D5CEDD500DF1A4A /* Base */ = {isa = PBXFileReference; lastKnownFileType = file.storyboard; name = Base; path = Base.lproj/Main.storyboard; sourceTree = "<group>"; };
		512653A01D5CEDD500DF1A4A /* Assets.xcassets */ = {isa = PBXFileReference; lastKnownFileType = folder.assetcatalog; path = Assets.xcassets; sourceTree = "<group>"; };
		512653A31D5CEDD500DF1A4A /* Base */ = {isa = PBXFileReference; lastKnownFileType = file.storyboard; name = Base; path = Base.lproj/LaunchScreen.storyboard; sourceTree = "<group>"; };
		512653A51D5CEDD500DF1A4A /* Info.plist */ = {isa = PBXFileReference; lastKnownFileType = text.plist.xml; path = Info.plist; sourceTree = "<group>"; };
		512653AB1D5D095900DF1A4A /* nssl0033.jpg */ = {isa = PBXFileReference; lastKnownFileType = image.jpeg; path = nssl0033.jpg; sourceTree = "<group>"; };
		512653AC1D5D095900DF1A4A /* nssl0034.jpg */ = {isa = PBXFileReference; lastKnownFileType = image.jpeg; path = nssl0034.jpg; sourceTree = "<group>"; };
		512653AD1D5D095900DF1A4A /* nssl0041.jpg */ = {isa = PBXFileReference; lastKnownFileType = image.jpeg; path = nssl0041.jpg; sourceTree = "<group>"; };
		512653AE1D5D095900DF1A4A /* nssl0042.jpg */ = {isa = PBXFileReference; lastKnownFileType = image.jpeg; path = nssl0042.jpg; sourceTree = "<group>"; };
		512653AF1D5D095900DF1A4A /* nssl0043.jpg */ = {isa = PBXFileReference; lastKnownFileType = image.jpeg; path = nssl0043.jpg; sourceTree = "<group>"; };
		512653B01D5D095900DF1A4A /* nssl0045.jpg */ = {isa = PBXFileReference; lastKnownFileType = image.jpeg; path = nssl0045.jpg; sourceTree = "<group>"; };
		512653B11D5D095900DF1A4A /* nssl0046.jpg */ = {isa = PBXFileReference; lastKnownFileType = image.jpeg; path = nssl0046.jpg; sourceTree = "<group>"; };
		512653B21D5D095900DF1A4A /* nssl0049.jpg */ = {isa = PBXFileReference; lastKnownFileType = image.jpeg; path = nssl0049.jpg; sourceTree = "<group>"; };
		512653B31D5D095900DF1A4A /* nssl0051.jpg */ = {isa = PBXFileReference; lastKnownFileType = image.jpeg; path = nssl0051.jpg; sourceTree = "<group>"; };
		512653B41D5D095900DF1A4A /* nssl0091.jpg */ = {isa = PBXFileReference; lastKnownFileType = image.jpeg; path = nssl0091.jpg; sourceTree = "<group>"; };
		5195E7F71D5E5ED200E113B8 /* DetailViewController.swift */ = {isa = PBXFileReference; fileEncoding = 4; lastKnownFileType = sourcecode.swift; path = DetailViewController.swift; sourceTree = "<group>"; };
/* End PBXFileReference section */

/* Begin PBXFrameworksBuildPhase section */
		512653931D5CEDD500DF1A4A /* Frameworks */ = {
			isa = PBXFrameworksBuildPhase;
			buildActionMask = 2147483647;
			files = (
			);
			runOnlyForDeploymentPostprocessing = 0;
		};
/* End PBXFrameworksBuildPhase section */

/* Begin PBXGroup section */
		5126538D1D5CEDD500DF1A4A = {
			isa = PBXGroup;
			children = (
				512653981D5CEDD500DF1A4A /* Project1 */,
				512653971D5CEDD500DF1A4A /* Products */,
			);
			sourceTree = "<group>";
		};
		512653971D5CEDD500DF1A4A /* Products */ = {
			isa = PBXGroup;
			children = (
				512653961D5CEDD500DF1A4A /* Project1.app */,
			);
			name = Products;
			sourceTree = "<group>";
		};
		512653981D5CEDD500DF1A4A /* Project1 */ = {
			isa = PBXGroup;
			children = (
				512653991D5CEDD500DF1A4A /* AppDelegate.swift */,
				5126539B1D5CEDD500DF1A4A /* ViewController.swift */,
				5195E7F71D5E5ED200E113B8 /* DetailViewController.swift */,
				5126539D1D5CEDD500DF1A4A /* Main.storyboard */,
				512653A01D5CEDD500DF1A4A /* Assets.xcassets */,
				512653A21D5CEDD500DF1A4A /* LaunchScreen.storyboard */,
				512653A51D5CEDD500DF1A4A /* Info.plist */,
				512653AB1D5D095900DF1A4A /* nssl0033.jpg */,
				512653AC1D5D095900DF1A4A /* nssl0034.jpg */,
				512653AD1D5D095900DF1A4A /* nssl0041.jpg */,
				512653AE1D5D095900DF1A4A /* nssl0042.jpg */,
				512653AF1D5D095900DF1A4A /* nssl0043.jpg */,
				512653B01D5D095900DF1A4A /* nssl0045.jpg */,
				512653B11D5D095900DF1A4A /* nssl0046.jpg */,
				512653B21D5D095900DF1A4A /* nssl0049.jpg */,
				512653B31D5D095900DF1A4A /* nssl0051.jpg */,
				512653B41D5D095900DF1A4A /* nssl0091.jpg */,
			);
			path = Project1;
			sourceTree = "<group>";
		};
/* End PBXGroup section */

/* Begin PBXNativeTarget section */
		512653951D5CEDD500DF1A4A /* Project1 */ = {
			isa = PBXNativeTarget;
			buildConfigurationList = 512653A81D5CEDD500DF1A4A /* Build configuration list for PBXNativeTarget "Project1" */;
			buildPhases = (
				512653921D5CEDD500DF1A4A /* Sources */,
				512653931D5CEDD500DF1A4A /* Frameworks */,
				512653941D5CEDD500DF1A4A /* Resources */,
			);
			buildRules = (
			);
			dependencies = (
			);
			name = Project1;
			productName = Project1;
			productReference = 512653961D5CEDD500DF1A4A /* Project1.app */;
			productType = "com.apple.product-type.application";
		};
/* End PBXNativeTarget section */

/* Begin PBXProject section */
		5126538E1D5CEDD500DF1A4A /* Project object */ = {
			isa = PBXProject;
			attributes = {
				LastSwiftUpdateCheck = 0800;
				LastUpgradeCheck = 0820;
				ORGANIZATIONNAME = "Paul Hudson";
				TargetAttributes = {
					512653951D5CEDD500DF1A4A = {
						CreatedOnToolsVersion = 8.0;
						DevelopmentTeam = B5C26XE59E;
						ProvisioningStyle = Automatic;
					};
				};
			};
			buildConfigurationList = 512653911D5CEDD500DF1A4A /* Build configuration list for PBXProject "Project1" */;
			compatibilityVersion = "Xcode 3.2";
			developmentRegion = English;
			hasScannedForEncodings = 0;
			knownRegions = (
				en,
				Base,
			);
			mainGroup = 5126538D1D5CEDD500DF1A4A;
			productRefGroup = 512653971D5CEDD500DF1A4A /* Products */;
			projectDirPath = "";
			projectRoot = "";
			targets = (
				512653951D5CEDD500DF1A4A /* Project1 */,
			);
		};
/* End PBXProject section */

/* Begin PBXResourcesBuildPhase section */
		512653941D5CEDD500DF1A4A /* Resources */ = {
			isa = PBXResourcesBuildPhase;
			buildActionMask = 2147483647;
			files = (
				512653B61D5D095900DF1A4A /* nssl0034.jpg in Resources */,
				512653BD1D5D095900DF1A4A /* nssl0051.jpg in Resources */,
				512653A41D5CEDD500DF1A4A /* LaunchScreen.storyboard in Resources */,
				512653B91D5D095900DF1A4A /* nssl0043.jpg in Resources */,
				512653B51D5D095900DF1A4A /* nssl0033.jpg in Resources */,
				512653BA1D5D095900DF1A4A /* nssl0045.jpg in Resources */,
				512653BB1D5D095900DF1A4A /* nssl0046.jpg in Resources */,
				512653BC1D5D095900DF1A4A /* nssl0049.jpg in Resources */,
				512653B81D5D095900DF1A4A /* nssl0042.jpg in Resources */,
				512653A11D5CEDD500DF1A4A /* Assets.xcassets in Resources */,
				512653BE1D5D095900DF1A4A /* nssl0091.jpg in Resources */,
				512653B71D5D095900DF1A4A /* nssl0041.jpg in Resources */,
				5126539F1D5CEDD500DF1A4A /* Main.storyboard in Resources */,
			);
			runOnlyForDeploymentPostprocessing = 0;
		};
/* End PBXResourcesBuildPhase section */

/* Begin PBXSourcesBuildPhase section */
		512653921D5CEDD500DF1A4A /* Sources */ = {
			isa = PBXSourcesBuildPhase;
			buildActionMask = 2147483647;
			files = (
				5195E7F81D5E5ED200E113B8 /* DetailViewController.swift in Sources */,
				5126539C1D5CEDD500DF1A4A /* ViewController.swift in Sources */,
				5126539A1D5CEDD500DF1A4A /* AppDelegate.swift in Sources */,
			);
			runOnlyForDeploymentPostprocessing = 0;
		};
/* End PBXSourcesBuildPhase section */

/* Begin PBXVariantGroup section */
		5126539D1D5CEDD500DF1A4A /* Main.storyboard */ = {
			isa = PBXVariantGroup;
			children = (
				5126539E1D5CEDD500DF1A4A /* Base */,
			);
			name = Main.storyboard;
			sourceTree = "<group>";
		};
		512653A21D5CEDD500DF1A4A /* LaunchScreen.storyboard */ = {
			isa = PBXVariantGroup;
			children = (
				512653A31D5CEDD500DF1A4A /* Base */,
			);
			name = LaunchScreen.storyboard;
			sourceTree = "<group>";
		};
/* End PBXVariantGroup section */

/* Begin XCBuildConfiguration section */
		512653A61D5CEDD500DF1A4A /* Debug */ = {
			isa = XCBuildConfiguration;
			buildSettings = {
				ALWAYS_SEARCH_USER_PATHS = NO;
				CLANG_ANALYZER_NONNULL = YES;
				CLANG_CXX_LANGUAGE_STANDARD = "gnu++0x";
				CLANG_CXX_LIBRARY = "libc++";
				CLANG_ENABLE_MODULES = YES;
				CLANG_ENABLE_OBJC_ARC = YES;
				CLANG_WARN_BOOL_CONVERSION = YES;
				CLANG_WARN_CONSTANT_CONVERSION = YES;
				CLANG_WARN_DIRECT_OBJC_ISA_USAGE = YES_ERROR;
				CLANG_WARN_DOCUMENTATION_COMMENTS = YES;
				CLANG_WARN_EMPTY_BODY = YES;
				CLANG_WARN_ENUM_CONVERSION = YES;
				CLANG_WARN_INFINITE_RECURSION = YES;
				CLANG_WARN_INT_CONVERSION = YES;
				CLANG_WARN_OBJC_ROOT_CLASS = YES_ERROR;
				CLANG_WARN_SUSPICIOUS_MOVE = YES;
				CLANG_WARN_SUSPICIOUS_MOVES = YES;
				CLANG_WARN_UNREACHABLE_CODE = YES;
				CLANG_WARN__DUPLICATE_METHOD_MATCH = YES;
				"CODE_SIGN_IDENTITY[sdk=iphoneos*]" = "iPhone Developer";
				COPY_PHASE_STRIP = NO;
				DEBUG_INFORMATION_FORMAT = dwarf;
				ENABLE_STRICT_OBJC_MSGSEND = YES;
				ENABLE_TESTABILITY = YES;
				GCC_C_LANGUAGE_STANDARD = gnu99;
				GCC_DYNAMIC_NO_PIC = NO;
				GCC_NO_COMMON_BLOCKS = YES;
				GCC_OPTIMIZATION_LEVEL = 0;
				GCC_PREPROCESSOR_DEFINITIONS = (
					"DEBUG=1",
					"$(inherited)",
				);
				GCC_WARN_64_TO_32_BIT_CONVERSION = YES;
				GCC_WARN_ABOUT_RETURN_TYPE = YES_ERROR;
				GCC_WARN_UNDECLARED_SELECTOR = YES;
				GCC_WARN_UNINITIALIZED_AUTOS = YES_AGGRESSIVE;
				GCC_WARN_UNUSED_FUNCTION = YES;
				GCC_WARN_UNUSED_VARIABLE = YES;
				IPHONEOS_DEPLOYMENT_TARGET = 10.0;
				MTL_ENABLE_DEBUG_INFO = YES;
				ONLY_ACTIVE_ARCH = YES;
				SDKROOT = iphoneos;
				SWIFT_ACTIVE_COMPILATION_CONDITIONS = DEBUG;
				SWIFT_OPTIMIZATION_LEVEL = "-Onone";
				TARGETED_DEVICE_FAMILY = "1,2";
			};
			name = Debug;
		};
		512653A71D5CEDD500DF1A4A /* Release */ = {
			isa = XCBuildConfiguration;
			buildSettings = {
				ALWAYS_SEARCH_USER_PATHS = NO;
				CLANG_ANALYZER_NONNULL = YES;
				CLANG_CXX_LANGUAGE_STANDARD = "gnu++0x";
				CLANG_CXX_LIBRARY = "libc++";
				CLANG_ENABLE_MODULES = YES;
				CLANG_ENABLE_OBJC_ARC = YES;
				CLANG_WARN_BOOL_CONVERSION = YES;
				CLANG_WARN_CONSTANT_CONVERSION = YES;
				CLANG_WARN_DIRECT_OBJC_ISA_USAGE = YES_ERROR;
				CLANG_WARN_DOCUMENTATION_COMMENTS = YES;
				CLANG_WARN_EMPTY_BODY = YES;
				CLANG_WARN_ENUM_CONVERSION = YES;
				CLANG_WARN_INFINITE_RECURSION = YES;
				CLANG_WARN_INT_CONVERSION = YES;
				CLANG_WARN_OBJC_ROOT_CLASS = YES_ERROR;
				CLANG_WARN_SUSPICIOUS_MOVE = YES;
				CLANG_WARN_SUSPICIOUS_MOVES = YES;
				CLANG_WARN_UNREACHABLE_CODE = YES;
				CLANG_WARN__DUPLICATE_METHOD_MATCH = YES;
				"CODE_SIGN_IDENTITY[sdk=iphoneos*]" = "iPhone Developer";
				COPY_PHASE_STRIP = NO;
				DEBUG_INFORMATION_FORMAT = "dwarf-with-dsym";
				ENABLE_NS_ASSERTIONS = NO;
				ENABLE_STRICT_OBJC_MSGSEND = YES;
				GCC_C_LANGUAGE_STANDARD = gnu99;
				GCC_NO_COMMON_BLOCKS = YES;
				GCC_WARN_64_TO_32_BIT_CONVERSION = YES;
				GCC_WARN_ABOUT_RETURN_TYPE = YES_ERROR;
				GCC_WARN_UNDECLARED_SELECTOR = YES;
				GCC_WARN_UNINITIALIZED_AUTOS = YES_AGGRESSIVE;
				GCC_WARN_UNUSED_FUNCTION = YES;
				GCC_WARN_UNUSED_VARIABLE = YES;
				IPHONEOS_DEPLOYMENT_TARGET = 10.0;
				MTL_ENABLE_DEBUG_INFO = NO;
				SDKROOT = iphoneos;
				SWIFT_OPTIMIZATION_LEVEL = "-Owholemodule";
				TARGETED_DEVICE_FAMILY = "1,2";
				VALIDATE_PRODUCT = YES;
			};
			name = Release;
		};
		512653A91D5CEDD500DF1A4A /* Debug */ = {
			isa = XCBuildConfiguration;
			buildSettings = {
				ASSETCATALOG_COMPILER_APPICON_NAME = AppIcon;
				DEVELOPMENT_TEAM = B5C26XE59E;
				INFOPLIST_FILE = Project1/Info.plist;
				LD_RUNPATH_SEARCH_PATHS = "$(inherited) @executable_path/Frameworks";
				PRODUCT_BUNDLE_IDENTIFIER = com.hackingwithswift.Project1;
				PRODUCT_NAME = "$(TARGET_NAME)";
				SWIFT_VERSION = 3.0;
			};
			name = Debug;
		};
		512653AA1D5CEDD500DF1A4A /* Release */ = {
			isa = XCBuildConfiguration;
			buildSettings = {
				ASSETCATALOG_COMPILER_APPICON_NAME = AppIcon;
				DEVELOPMENT_TEAM = B5C26XE59E;
				INFOPLIST_FILE = Project1/Info.plist;
				LD_RUNPATH_SEARCH_PATHS = "$(inherited) @executable_path/Frameworks";
				PRODUCT_BUNDLE_IDENTIFIER = com.hackingwithswift.Project1;
				PRODUCT_NAME = "$(TARGET_NAME)";
				SWIFT_VERSION = 3.0;
			};
			name = Release;
		};
/* End XCBuildConfiguration section */

/* Begin XCConfigurationList section */
		512653911D5CEDD500DF1A4A /* Build configuration list for PBXProject "Project1" */ = {
			isa = XCConfigurationList;
			buildConfigurations = (
				512653A61D5CEDD500DF1A4A /* Debug */,
				512653A71D5CEDD500DF1A4A /* Release */,
			);
			defaultConfigurationIsVisible = 0;
			defaultConfigurationName = Release;
		};
		512653A81D5CEDD500DF1A4A /* Build configuration list for PBXNativeTarget "Project1" */ = {
			isa = XCConfigurationList;
			buildConfigurations = (
				512653A91D5CEDD500DF1A4A /* Debug */,
				512653AA1D5CEDD500DF1A4A /* Release */,
			);
			defaultConfigurationIsVisible = 0;
			defaultConfigurationName = Release;
		};
/* End XCConfigurationList section */
	};
	rootObject = 5126538E1D5CEDD500DF1A4A /* Project object */;
}
