// !$*UTF8*$!
{
	archiveVersion = 1;
	classes = {
	};
	objectVersion = 46;
	objects = {

/* Begin PBXBuildFile section */
		51999AA01BACE6F7005E3EB1 /* AppDelegate.swift in Sources */ = {isa = PBXBuildFile; fileRef = 51999A9F1BACE6F7005E3EB1 /* AppDelegate.swift */; };
		51999AA21BACE6F7005E3EB1 /* MasterViewController.swift in Sources */ = {isa = PBXBuildFile; fileRef = 51999AA11BACE6F7005E3EB1 /* MasterViewController.swift */; };
		51999AA41BACE6F7005E3EB1 /* DetailViewController.swift in Sources */ = {isa = PBXBuildFile; fileRef = 51999AA31BACE6F7005E3EB1 /* DetailViewController.swift */; };
		51999AA71BACE6F7005E3EB1 /* Main.storyboard in Resources */ = {isa = PBXBuildFile; fileRef = 51999AA51BACE6F7005E3EB1 /* Main.storyboard */; };
		51999AA91BACE6F7005E3EB1 /* Assets.xcassets in Resources */ = {isa = PBXBuildFile; fileRef = 51999AA81BACE6F7005E3EB1 /* Assets.xcassets */; };
		51999AAC1BACE6F7005E3EB1 /* LaunchScreen.storyboard in Resources */ = {isa = PBXBuildFile; fileRef = 51999AAA1BACE6F7005E3EB1 /* LaunchScreen.storyboard */; };
/* End PBXBuildFile section */

/* Begin PBXFileReference section */
		51999A9C1BACE6F7005E3EB1 /* Project32.app */ = {isa = PBXFileReference; explicitFileType = wrapper.application; includeInIndex = 0; path = Project32.app; sourceTree = BUILT_PRODUCTS_DIR; };
		51999A9F1BACE6F7005E3EB1 /* AppDelegate.swift */ = {isa = PBXFileReference; lastKnownFileType = sourcecode.swift; path = AppDelegate.swift; sourceTree = "<group>"; };
		51999AA11BACE6F7005E3EB1 /* MasterViewController.swift */ = {isa = PBXFileReference; lastKnownFileType = sourcecode.swift; path = MasterViewController.swift; sourceTree = "<group>"; };
		51999AA31BACE6F7005E3EB1 /* DetailViewController.swift */ = {isa = PBXFileReference; lastKnownFileType = sourcecode.swift; path = DetailViewController.swift; sourceTree = "<group>"; };
		51999AA61BACE6F7005E3EB1 /* Base */ = {isa = PBXFileReference; lastKnownFileType = file.storyboard; name = Base; path = Base.lproj/Main.storyboard; sourceTree = "<group>"; };
		51999AA81BACE6F7005E3EB1 /* Assets.xcassets */ = {isa = PBXFileReference; lastKnownFileType = folder.assetcatalog; path = Assets.xcassets; sourceTree = "<group>"; };
		51999AAB1BACE6F7005E3EB1 /* Base */ = {isa = PBXFileReference; lastKnownFileType = file.storyboard; name = Base; path = Base.lproj/LaunchScreen.storyboard; sourceTree = "<group>"; };
		51999AAD1BACE6F7005E3EB1 /* Info.plist */ = {isa = PBXFileReference; lastKnownFileType = text.plist.xml; path = Info.plist; sourceTree = "<group>"; };
/* End PBXFileReference section */

/* Begin PBXFrameworksBuildPhase section */
		51999A991BACE6F7005E3EB1 /* Frameworks */ = {
			isa = PBXFrameworksBuildPhase;
			buildActionMask = 2147483647;
			files = (
			);
			runOnlyForDeploymentPostprocessing = 0;
		};
/* End PBXFrameworksBuildPhase section */

/* Begin PBXGroup section */
		51999A931BACE6F7005E3EB1 = {
			isa = PBXGroup;
			children = (
				51999A9E1BACE6F7005E3EB1 /* Project32 */,
				51999A9D1BACE6F7005E3EB1 /* Products */,
			);
			sourceTree = "<group>";
		};
		51999A9D1BACE6F7005E3EB1 /* Products */ = {
			isa = PBXGroup;
			children = (
				51999A9C1BACE6F7005E3EB1 /* Project32.app */,
			);
			name = Products;
			sourceTree = "<group>";
		};
		51999A9E1BACE6F7005E3EB1 /* Project32 */ = {
			isa = PBXGroup;
			children = (
				51999A9F1BACE6F7005E3EB1 /* AppDelegate.swift */,
				51999AA11BACE6F7005E3EB1 /* MasterViewController.swift */,
				51999AA31BACE6F7005E3EB1 /* DetailViewController.swift */,
				51999AA51BACE6F7005E3EB1 /* Main.storyboard */,
				51999AA81BACE6F7005E3EB1 /* Assets.xcassets */,
				51999AAA1BACE6F7005E3EB1 /* LaunchScreen.storyboard */,
				51999AAD1BACE6F7005E3EB1 /* Info.plist */,
			);
			path = Project32;
			sourceTree = "<group>";
		};
/* End PBXGroup section */

/* Begin PBXNativeTarget section */
		51999A9B1BACE6F7005E3EB1 /* Project32 */ = {
			isa = PBXNativeTarget;
			buildConfigurationList = 51999AB01BACE6F7005E3EB1 /* Build configuration list for PBXNativeTarget "Project32" */;
			buildPhases = (
				51999A981BACE6F7005E3EB1 /* Sources */,
				51999A991BACE6F7005E3EB1 /* Frameworks */,
				51999A9A1BACE6F7005E3EB1 /* Resources */,
			);
			buildRules = (
			);
			dependencies = (
			);
			name = Project32;
			productName = Project32;
			productReference = 51999A9C1BACE6F7005E3EB1 /* Project32.app */;
			productType = "com.apple.product-type.application";
		};
/* End PBXNativeTarget section */

/* Begin PBXProject section */
		51999A941BACE6F7005E3EB1 /* Project object */ = {
			isa = PBXProject;
			attributes = {
				LastUpgradeCheck = 0700;
				ORGANIZATIONNAME = "Paul Hudson";
				TargetAttributes = {
					51999A9B1BACE6F7005E3EB1 = {
						CreatedOnToolsVersion = 7.0;
					};
				};
			};
			buildConfigurationList = 51999A971BACE6F7005E3EB1 /* Build configuration list for PBXProject "Project32" */;
			compatibilityVersion = "Xcode 3.2";
			developmentRegion = English;
			hasScannedForEncodings = 0;
			knownRegions = (
				en,
				Base,
			);
			mainGroup = 51999A931BACE6F7005E3EB1;
			productRefGroup = 51999A9D1BACE6F7005E3EB1 /* Products */;
			projectDirPath = "";
			projectRoot = "";
			targets = (
				51999A9B1BACE6F7005E3EB1 /* Project32 */,
			);
		};
/* End PBXProject section */

/* Begin PBXResourcesBuildPhase section */
		51999A9A1BACE6F7005E3EB1 /* Resources */ = {
			isa = PBXResourcesBuildPhase;
			buildActionMask = 2147483647;
			files = (
				51999AAC1BACE6F7005E3EB1 /* LaunchScreen.storyboard in Resources */,
				51999AA91BACE6F7005E3EB1 /* Assets.xcassets in Resources */,
				51999AA71BACE6F7005E3EB1 /* Main.storyboard in Resources */,
			);
			runOnlyForDeploymentPostprocessing = 0;
		};
/* End PBXResourcesBuildPhase section */

/* Begin PBXSourcesBuildPhase section */
		51999A981BACE6F7005E3EB1 /* Sources */ = {
			isa = PBXSourcesBuildPhase;
			buildActionMask = 2147483647;
			files = (
				51999AA41BACE6F7005E3EB1 /* DetailViewController.swift in Sources */,
				51999AA21BACE6F7005E3EB1 /* MasterViewController.swift in Sources */,
				51999AA01BACE6F7005E3EB1 /* AppDelegate.swift in Sources */,
			);
			runOnlyForDeploymentPostprocessing = 0;
		};
/* End PBXSourcesBuildPhase section */

/* Begin PBXVariantGroup section */
		51999AA51BACE6F7005E3EB1 /* Main.storyboard */ = {
			isa = PBXVariantGroup;
			children = (
				51999AA61BACE6F7005E3EB1 /* Base */,
			);
			name = Main.storyboard;
			sourceTree = "<group>";
		};
		51999AAA1BACE6F7005E3EB1 /* LaunchScreen.storyboard */ = {
			isa = PBXVariantGroup;
			children = (
				51999AAB1BACE6F7005E3EB1 /* Base */,
			);
			name = LaunchScreen.storyboard;
			sourceTree = "<group>";
		};
/* End PBXVariantGroup section */

/* Begin XCBuildConfiguration section */
		51999AAE1BACE6F7005E3EB1 /* Debug */ = {
			isa = XCBuildConfiguration;
			buildSettings = {
				ALWAYS_SEARCH_USER_PATHS = NO;
				CLANG_CXX_LANGUAGE_STANDARD = "gnu++0x";
				CLANG_CXX_LIBRARY = "libc++";
				CLANG_ENABLE_MODULES = YES;
				CLANG_ENABLE_OBJC_ARC = YES;
				CLANG_WARN_BOOL_CONVERSION = YES;
				CLANG_WARN_CONSTANT_CONVERSION = YES;
				CLANG_WARN_DIRECT_OBJC_ISA_USAGE = YES_ERROR;
				CLANG_WARN_EMPTY_BODY = YES;
				CLANG_WARN_ENUM_CONVERSION = YES;
				CLANG_WARN_INT_CONVERSION = YES;
				CLANG_WARN_OBJC_ROOT_CLASS = YES_ERROR;
				CLANG_WARN_UNREACHABLE_CODE = YES;
				CLANG_WARN__DUPLICATE_METHOD_MATCH = YES;
				"CODE_SIGN_IDENTITY[sdk=iphoneos*]" = "iPhone Developer";
				COPY_PHASE_STRIP = NO;
				DEBUG_INFORMATION_FORMAT = dwarf;
				ENABLE_STRICT_OBJC_MSGSEND = YES;
				ENABLE_TESTABILITY = YES;
				GCC_C_LANGUAGE_STANDARD = gnu99;
				GCC_DYNAMIC_NO_PIC = NO;
				GCC_NO_COMMON_BLOCKS = YES;
				GCC_OPTIMIZATION_LEVEL = 0;
				GCC_PREPROCESSOR_DEFINITIONS = (
					"DEBUG=1",
					"$(inherited)",
				);
				GCC_WARN_64_TO_32_BIT_CONVERSION = YES;
				GCC_WARN_ABOUT_RETURN_TYPE = YES_ERROR;
				GCC_WARN_UNDECLARED_SELECTOR = YES;
				GCC_WARN_UNINITIALIZED_AUTOS = YES_AGGRESSIVE;
				GCC_WARN_UNUSED_FUNCTION = YES;
				GCC_WARN_UNUSED_VARIABLE = YES;
				IPHONEOS_DEPLOYMENT_TARGET = 9.0;
				MTL_ENABLE_DEBUG_INFO = YES;
				ONLY_ACTIVE_ARCH = YES;
				SDKROOT = iphoneos;
				SWIFT_OPTIMIZATION_LEVEL = "-Onone";
			};
			name = Debug;
		};
		51999AAF1BACE6F7005E3EB1 /* Release */ = {
			isa = XCBuildConfiguration;
			buildSettings = {
				ALWAYS_SEARCH_USER_PATHS = NO;
				CLANG_CXX_LANGUAGE_STANDARD = "gnu++0x";
				CLANG_CXX_LIBRARY = "libc++";
				CLANG_ENABLE_MODULES = YES;
				CLANG_ENABLE_OBJC_ARC = YES;
				CLANG_WARN_BOOL_CONVERSION = YES;
				CLANG_WARN_CONSTANT_CONVERSION = YES;
				CLANG_WARN_DIRECT_OBJC_ISA_USAGE = YES_ERROR;
				CLANG_WARN_EMPTY_BODY = YES;
				CLANG_WARN_ENUM_CONVERSION = YES;
				CLANG_WARN_INT_CONVERSION = YES;
				CLANG_WARN_OBJC_ROOT_CLASS = YES_ERROR;
				CLANG_WARN_UNREACHABLE_CODE = YES;
				CLANG_WARN__DUPLICATE_METHOD_MATCH = YES;
				"CODE_SIGN_IDENTITY[sdk=iphoneos*]" = "iPhone Developer";
				COPY_PHASE_STRIP = NO;
				DEBUG_INFORMATION_FORMAT = "dwarf-with-dsym";
				ENABLE_NS_ASSERTIONS = NO;
				ENABLE_STRICT_OBJC_MSGSEND = YES;
				GCC_C_LANGUAGE_STANDARD = gnu99;
				GCC_NO_COMMON_BLOCKS = YES;
				GCC_WARN_64_TO_32_BIT_CONVERSION = YES;
				GCC_WARN_ABOUT_RETURN_TYPE = YES_ERROR;
				GCC_WARN_UNDECLARED_SELECTOR = YES;
				GCC_WARN_UNINITIALIZED_AUTOS = YES_AGGRESSIVE;
				GCC_WARN_UNUSED_FUNCTION = YES;
				GCC_WARN_UNUSED_VARIABLE = YES;
				IPHONEOS_DEPLOYMENT_TARGET = 9.0;
				MTL_ENABLE_DEBUG_INFO = NO;
				SDKROOT = iphoneos;
				VALIDATE_PRODUCT = YES;
			};
			name = Release;
		};
		51999AB11BACE6F7005E3EB1 /* Debug */ = {
			isa = XCBuildConfiguration;
			buildSettings = {
				ASSETCATALOG_COMPILER_APPICON_NAME = AppIcon;
				INFOPLIST_FILE = Project32/Info.plist;
				LD_RUNPATH_SEARCH_PATHS = "$(inherited) @executable_path/Frameworks";
				PRODUCT_BUNDLE_IDENTIFIER = com.hackingwithswift.Project32;
				PRODUCT_NAME = "$(TARGET_NAME)";
			};
			name = Debug;
		};
		51999AB21BACE6F7005E3EB1 /* Release */ = {
			isa = XCBuildConfiguration;
			buildSettings = {
				ASSETCATALOG_COMPILER_APPICON_NAME = AppIcon;
				INFOPLIST_FILE = Project32/Info.plist;
				LD_RUNPATH_SEARCH_PATHS = "$(inherited) @executable_path/Frameworks";
				PRODUCT_BUNDLE_IDENTIFIER = com.hackingwithswift.Project32;
				PRODUCT_NAME = "$(TARGET_NAME)";
			};
			name = Release;
		};
/* End XCBuildConfiguration section */

/* Begin XCConfigurationList section */
		51999A971BACE6F7005E3EB1 /* Build configuration list for PBXProject "Project32" */ = {
			isa = XCConfigurationList;
			buildConfigurations = (
				51999AAE1BACE6F7005E3EB1 /* Debug */,
				51999AAF1BACE6F7005E3EB1 /* Release */,
			);
			defaultConfigurationIsVisible = 0;
			defaultConfigurationName = Release;
		};
		51999AB01BACE6F7005E3EB1 /* Build configuration list for PBXNativeTarget "Project32" */ = {
			isa = XCConfigurationList;
			buildConfigurations = (
				51999AB11BACE6F7005E3EB1 /* Debug */,
				51999AB21BACE6F7005E3EB1 /* Release */,
			);
			defaultConfigurationIsVisible = 0;
		};
/* End XCConfigurationList section */
	};
	rootObject = 51999A941BACE6F7005E3EB1 /* Project object */;
}
