// !$*UTF8*$!
{
	archiveVersion = 1;
	classes = {
	};
	objectVersion = 46;
	objects = {

/* Begin PBXBuildFile section */
		5190C9491BAB6C840031209E /* AppDelegate.swift in Sources */ = {isa = PBXBuildFile; fileRef = 5190C9481BAB6C840031209E /* AppDelegate.swift */; };
		5190C94B1BAB6C840031209E /* GameScene.sks in Resources */ = {isa = PBXBuildFile; fileRef = 5190C94A1BAB6C840031209E /* GameScene.sks */; };
		5190C94D1BAB6C840031209E /* GameScene.swift in Sources */ = {isa = PBXBuildFile; fileRef = 5190C94C1BAB6C840031209E /* GameScene.swift */; };
		5190C94F1BAB6C840031209E /* GameViewController.swift in Sources */ = {isa = PBXBuildFile; fileRef = 5190C94E1BAB6C840031209E /* GameViewController.swift */; };
		5190C9521BAB6C840031209E /* Main.storyboard in Resources */ = {isa = PBXBuildFile; fileRef = 5190C9501BAB6C840031209E /* Main.storyboard */; };
		5190C9541BAB6C840031209E /* Assets.xcassets in Resources */ = {isa = PBXBuildFile; fileRef = 5190C9531BAB6C840031209E /* Assets.xcassets */; };
		5190C9571BAB6C840031209E /* LaunchScreen.storyboard in Resources */ = {isa = PBXBuildFile; fileRef = 5190C9551BAB6C840031209E /* LaunchScreen.storyboard */; };
		5190C95F1BAB6CC40031209E /* Helper.swift in Sources */ = {isa = PBXBuildFile; fileRef = 5190C95E1BAB6CC40031209E /* Helper.swift */; settings = {ASSET_TAGS = (); }; };
		5190C9611BAB6D010031209E /* BuildingNode.swift in Sources */ = {isa = PBXBuildFile; fileRef = 5190C9601BAB6D010031209E /* BuildingNode.swift */; settings = {ASSET_TAGS = (); }; };
		5190C9631BAB73750031209E /* assets.atlas in Resources */ = {isa = PBXBuildFile; fileRef = 5190C9621BAB73750031209E /* assets.atlas */; settings = {ASSET_TAGS = (); }; };
		51A864A31BAB7601005CD1E3 /* hitBuilding.sks in Resources */ = {isa = PBXBuildFile; fileRef = 51A864A11BAB7601005CD1E3 /* hitBuilding.sks */; settings = {ASSET_TAGS = (); }; };
		51A864A41BAB7601005CD1E3 /* hitPlayer.sks in Resources */ = {isa = PBXBuildFile; fileRef = 51A864A21BAB7601005CD1E3 /* hitPlayer.sks */; settings = {ASSET_TAGS = (); }; };
/* End PBXBuildFile section */

/* Begin PBXFileReference section */
		5190C9451BAB6C840031209E /* Project29.app */ = {isa = PBXFileReference; explicitFileType = wrapper.application; includeInIndex = 0; path = Project29.app; sourceTree = BUILT_PRODUCTS_DIR; };
		5190C9481BAB6C840031209E /* AppDelegate.swift */ = {isa = PBXFileReference; lastKnownFileType = sourcecode.swift; path = AppDelegate.swift; sourceTree = "<group>"; };
		5190C94A1BAB6C840031209E /* GameScene.sks */ = {isa = PBXFileReference; lastKnownFileType = file.sks; path = GameScene.sks; sourceTree = "<group>"; };
		5190C94C1BAB6C840031209E /* GameScene.swift */ = {isa = PBXFileReference; lastKnownFileType = sourcecode.swift; path = GameScene.swift; sourceTree = "<group>"; };
		5190C94E1BAB6C840031209E /* GameViewController.swift */ = {isa = PBXFileReference; lastKnownFileType = sourcecode.swift; path = GameViewController.swift; sourceTree = "<group>"; };
		5190C9511BAB6C840031209E /* Base */ = {isa = PBXFileReference; lastKnownFileType = file.storyboard; name = Base; path = Base.lproj/Main.storyboard; sourceTree = "<group>"; };
		5190C9531BAB6C840031209E /* Assets.xcassets */ = {isa = PBXFileReference; lastKnownFileType = folder.assetcatalog; path = Assets.xcassets; sourceTree = "<group>"; };
		5190C9561BAB6C840031209E /* Base */ = {isa = PBXFileReference; lastKnownFileType = file.storyboard; name = Base; path = Base.lproj/LaunchScreen.storyboard; sourceTree = "<group>"; };
		5190C9581BAB6C840031209E /* Info.plist */ = {isa = PBXFileReference; lastKnownFileType = text.plist.xml; path = Info.plist; sourceTree = "<group>"; };
		5190C95E1BAB6CC40031209E /* Helper.swift */ = {isa = PBXFileReference; fileEncoding = 4; lastKnownFileType = sourcecode.swift; path = Helper.swift; sourceTree = "<group>"; };
		5190C9601BAB6D010031209E /* BuildingNode.swift */ = {isa = PBXFileReference; fileEncoding = 4; lastKnownFileType = sourcecode.swift; path = BuildingNode.swift; sourceTree = "<group>"; };
		5190C9621BAB73750031209E /* assets.atlas */ = {isa = PBXFileReference; lastKnownFileType = folder.skatlas; path = assets.atlas; sourceTree = "<group>"; };
		51A864A11BAB7601005CD1E3 /* hitBuilding.sks */ = {isa = PBXFileReference; lastKnownFileType = file.sks; name = hitBuilding.sks; path = assets.atlas/hitBuilding.sks; sourceTree = "<group>"; };
		51A864A21BAB7601005CD1E3 /* hitPlayer.sks */ = {isa = PBXFileReference; lastKnownFileType = file.sks; name = hitPlayer.sks; path = assets.atlas/hitPlayer.sks; sourceTree = "<group>"; };
/* End PBXFileReference section */

/* Begin PBXFrameworksBuildPhase section */
		5190C9421BAB6C840031209E /* Frameworks */ = {
			isa = PBXFrameworksBuildPhase;
			buildActionMask = 2147483647;
			files = (
			);
			runOnlyForDeploymentPostprocessing = 0;
		};
/* End PBXFrameworksBuildPhase section */

/* Begin PBXGroup section */
		5190C93C1BAB6C840031209E = {
			isa = PBXGroup;
			children = (
				5190C9471BAB6C840031209E /* Project29 */,
				5190C9461BAB6C840031209E /* Products */,
			);
			sourceTree = "<group>";
		};
		5190C9461BAB6C840031209E /* Products */ = {
			isa = PBXGroup;
			children = (
				5190C9451BAB6C840031209E /* Project29.app */,
			);
			name = Products;
			sourceTree = "<group>";
		};
		5190C9471BAB6C840031209E /* Project29 */ = {
			isa = PBXGroup;
			children = (
				5190C9481BAB6C840031209E /* AppDelegate.swift */,
				5190C94A1BAB6C840031209E /* GameScene.sks */,
				5190C94C1BAB6C840031209E /* GameScene.swift */,
				5190C94E1BAB6C840031209E /* GameViewController.swift */,
				5190C9501BAB6C840031209E /* Main.storyboard */,
				5190C9531BAB6C840031209E /* Assets.xcassets */,
				5190C9551BAB6C840031209E /* LaunchScreen.storyboard */,
				5190C9581BAB6C840031209E /* Info.plist */,
				5190C95E1BAB6CC40031209E /* Helper.swift */,
				5190C9601BAB6D010031209E /* BuildingNode.swift */,
				51A864A11BAB7601005CD1E3 /* hitBuilding.sks */,
				51A864A21BAB7601005CD1E3 /* hitPlayer.sks */,
				5190C9621BAB73750031209E /* assets.atlas */,
			);
			path = Project29;
			sourceTree = "<group>";
		};
/* End PBXGroup section */

/* Begin PBXNativeTarget section */
		5190C9441BAB6C840031209E /* Project29 */ = {
			isa = PBXNativeTarget;
			buildConfigurationList = 5190C95B1BAB6C840031209E /* Build configuration list for PBXNativeTarget "Project29" */;
			buildPhases = (
				5190C9411BAB6C840031209E /* Sources */,
				5190C9421BAB6C840031209E /* Frameworks */,
				5190C9431BAB6C840031209E /* Resources */,
			);
			buildRules = (
			);
			dependencies = (
			);
			name = Project29;
			productName = Project29;
			productReference = 5190C9451BAB6C840031209E /* Project29.app */;
			productType = "com.apple.product-type.application";
		};
/* End PBXNativeTarget section */

/* Begin PBXProject section */
		5190C93D1BAB6C840031209E /* Project object */ = {
			isa = PBXProject;
			attributes = {
				LastUpgradeCheck = 0700;
				ORGANIZATIONNAME = "Paul Hudson";
				TargetAttributes = {
					5190C9441BAB6C840031209E = {
						CreatedOnToolsVersion = 7.0;
					};
				};
			};
			buildConfigurationList = 5190C9401BAB6C840031209E /* Build configuration list for PBXProject "Project29" */;
			compatibilityVersion = "Xcode 3.2";
			developmentRegion = English;
			hasScannedForEncodings = 0;
			knownRegions = (
				en,
				Base,
			);
			mainGroup = 5190C93C1BAB6C840031209E;
			productRefGroup = 5190C9461BAB6C840031209E /* Products */;
			projectDirPath = "";
			projectRoot = "";
			targets = (
				5190C9441BAB6C840031209E /* Project29 */,
			);
		};
/* End PBXProject section */

/* Begin PBXResourcesBuildPhase section */
		5190C9431BAB6C840031209E /* Resources */ = {
			isa = PBXResourcesBuildPhase;
			buildActionMask = 2147483647;
			files = (
				51A864A41BAB7601005CD1E3 /* hitPlayer.sks in Resources */,
				5190C94B1BAB6C840031209E /* GameScene.sks in Resources */,
				5190C9571BAB6C840031209E /* LaunchScreen.storyboard in Resources */,
				5190C9541BAB6C840031209E /* Assets.xcassets in Resources */,
				5190C9631BAB73750031209E /* assets.atlas in Resources */,
				5190C9521BAB6C840031209E /* Main.storyboard in Resources */,
				51A864A31BAB7601005CD1E3 /* hitBuilding.sks in Resources */,
			);
			runOnlyForDeploymentPostprocessing = 0;
		};
/* End PBXResourcesBuildPhase section */

/* Begin PBXSourcesBuildPhase section */
		5190C9411BAB6C840031209E /* Sources */ = {
			isa = PBXSourcesBuildPhase;
			buildActionMask = 2147483647;
			files = (
				5190C94D1BAB6C840031209E /* GameScene.swift in Sources */,
				5190C9611BAB6D010031209E /* BuildingNode.swift in Sources */,
				5190C94F1BAB6C840031209E /* GameViewController.swift in Sources */,
				5190C9491BAB6C840031209E /* AppDelegate.swift in Sources */,
				5190C95F1BAB6CC40031209E /* Helper.swift in Sources */,
			);
			runOnlyForDeploymentPostprocessing = 0;
		};
/* End PBXSourcesBuildPhase section */

/* Begin PBXVariantGroup section */
		5190C9501BAB6C840031209E /* Main.storyboard */ = {
			isa = PBXVariantGroup;
			children = (
				5190C9511BAB6C840031209E /* Base */,
			);
			name = Main.storyboard;
			sourceTree = "<group>";
		};
		5190C9551BAB6C840031209E /* LaunchScreen.storyboard */ = {
			isa = PBXVariantGroup;
			children = (
				5190C9561BAB6C840031209E /* Base */,
			);
			name = LaunchScreen.storyboard;
			sourceTree = "<group>";
		};
/* End PBXVariantGroup section */

/* Begin XCBuildConfiguration section */
		5190C9591BAB6C840031209E /* Debug */ = {
			isa = XCBuildConfiguration;
			buildSettings = {
				ALWAYS_SEARCH_USER_PATHS = NO;
				CLANG_CXX_LANGUAGE_STANDARD = "gnu++0x";
				CLANG_CXX_LIBRARY = "libc++";
				CLANG_ENABLE_MODULES = YES;
				CLANG_ENABLE_OBJC_ARC = YES;
				CLANG_WARN_BOOL_CONVERSION = YES;
				CLANG_WARN_CONSTANT_CONVERSION = YES;
				CLANG_WARN_DIRECT_OBJC_ISA_USAGE = YES_ERROR;
				CLANG_WARN_EMPTY_BODY = YES;
				CLANG_WARN_ENUM_CONVERSION = YES;
				CLANG_WARN_INT_CONVERSION = YES;
				CLANG_WARN_OBJC_ROOT_CLASS = YES_ERROR;
				CLANG_WARN_UNREACHABLE_CODE = YES;
				CLANG_WARN__DUPLICATE_METHOD_MATCH = YES;
				"CODE_SIGN_IDENTITY[sdk=iphoneos*]" = "iPhone Developer";
				COPY_PHASE_STRIP = NO;
				DEBUG_INFORMATION_FORMAT = "dwarf-with-dsym";
				ENABLE_STRICT_OBJC_MSGSEND = YES;
				ENABLE_TESTABILITY = YES;
				GCC_C_LANGUAGE_STANDARD = gnu99;
				GCC_DYNAMIC_NO_PIC = NO;
				GCC_NO_COMMON_BLOCKS = YES;
				GCC_OPTIMIZATION_LEVEL = 0;
				GCC_PREPROCESSOR_DEFINITIONS = (
					"DEBUG=1",
					"$(inherited)",
				);
				GCC_WARN_64_TO_32_BIT_CONVERSION = YES;
				GCC_WARN_ABOUT_RETURN_TYPE = YES_ERROR;
				GCC_WARN_UNDECLARED_SELECTOR = YES;
				GCC_WARN_UNINITIALIZED_AUTOS = YES_AGGRESSIVE;
				GCC_WARN_UNUSED_FUNCTION = YES;
				GCC_WARN_UNUSED_VARIABLE = YES;
				IPHONEOS_DEPLOYMENT_TARGET = 9.0;
				MTL_ENABLE_DEBUG_INFO = YES;
				ONLY_ACTIVE_ARCH = YES;
				SDKROOT = iphoneos;
				SWIFT_OPTIMIZATION_LEVEL = "-Onone";
				TARGETED_DEVICE_FAMILY = 2;
			};
			name = Debug;
		};
		5190C95A1BAB6C840031209E /* Release */ = {
			isa = XCBuildConfiguration;
			buildSettings = {
				ALWAYS_SEARCH_USER_PATHS = NO;
				CLANG_CXX_LANGUAGE_STANDARD = "gnu++0x";
				CLANG_CXX_LIBRARY = "libc++";
				CLANG_ENABLE_MODULES = YES;
				CLANG_ENABLE_OBJC_ARC = YES;
				CLANG_WARN_BOOL_CONVERSION = YES;
				CLANG_WARN_CONSTANT_CONVERSION = YES;
				CLANG_WARN_DIRECT_OBJC_ISA_USAGE = YES_ERROR;
				CLANG_WARN_EMPTY_BODY = YES;
				CLANG_WARN_ENUM_CONVERSION = YES;
				CLANG_WARN_INT_CONVERSION = YES;
				CLANG_WARN_OBJC_ROOT_CLASS = YES_ERROR;
				CLANG_WARN_UNREACHABLE_CODE = YES;
				CLANG_WARN__DUPLICATE_METHOD_MATCH = YES;
				"CODE_SIGN_IDENTITY[sdk=iphoneos*]" = "iPhone Developer";
				COPY_PHASE_STRIP = NO;
				DEBUG_INFORMATION_FORMAT = "dwarf-with-dsym";
				ENABLE_NS_ASSERTIONS = NO;
				ENABLE_STRICT_OBJC_MSGSEND = YES;
				GCC_C_LANGUAGE_STANDARD = gnu99;
				GCC_NO_COMMON_BLOCKS = YES;
				GCC_WARN_64_TO_32_BIT_CONVERSION = YES;
				GCC_WARN_ABOUT_RETURN_TYPE = YES_ERROR;
				GCC_WARN_UNDECLARED_SELECTOR = YES;
				GCC_WARN_UNINITIALIZED_AUTOS = YES_AGGRESSIVE;
				GCC_WARN_UNUSED_FUNCTION = YES;
				GCC_WARN_UNUSED_VARIABLE = YES;
				IPHONEOS_DEPLOYMENT_TARGET = 9.0;
				MTL_ENABLE_DEBUG_INFO = NO;
				SDKROOT = iphoneos;
				TARGETED_DEVICE_FAMILY = 2;
				VALIDATE_PRODUCT = YES;
			};
			name = Release;
		};
		5190C95C1BAB6C840031209E /* Debug */ = {
			isa = XCBuildConfiguration;
			buildSettings = {
				ASSETCATALOG_COMPILER_APPICON_NAME = AppIcon;
				INFOPLIST_FILE = Project29/Info.plist;
				LD_RUNPATH_SEARCH_PATHS = "$(inherited) @executable_path/Frameworks";
				PRODUCT_BUNDLE_IDENTIFIER = com.hackingwithswift.Project29;
				PRODUCT_NAME = "$(TARGET_NAME)";
			};
			name = Debug;
		};
		5190C95D1BAB6C840031209E /* Release */ = {
			isa = XCBuildConfiguration;
			buildSettings = {
				ASSETCATALOG_COMPILER_APPICON_NAME = AppIcon;
				INFOPLIST_FILE = Project29/Info.plist;
				LD_RUNPATH_SEARCH_PATHS = "$(inherited) @executable_path/Frameworks";
				PRODUCT_BUNDLE_IDENTIFIER = com.hackingwithswift.Project29;
				PRODUCT_NAME = "$(TARGET_NAME)";
			};
			name = Release;
		};
/* End XCBuildConfiguration section */

/* Begin XCConfigurationList section */
		5190C9401BAB6C840031209E /* Build configuration list for PBXProject "Project29" */ = {
			isa = XCConfigurationList;
			buildConfigurations = (
				5190C9591BAB6C840031209E /* Debug */,
				5190C95A1BAB6C840031209E /* Release */,
			);
			defaultConfigurationIsVisible = 0;
			defaultConfigurationName = Release;
		};
		5190C95B1BAB6C840031209E /* Build configuration list for PBXNativeTarget "Project29" */ = {
			isa = XCConfigurationList;
			buildConfigurations = (
				5190C95C1BAB6C840031209E /* Debug */,
				5190C95D1BAB6C840031209E /* Release */,
			);
			defaultConfigurationIsVisible = 0;
			defaultConfigurationName = Release;
		};
/* End XCConfigurationList section */
	};
	rootObject = 5190C93D1BAB6C840031209E /* Project object */;
}
